// !$*UTF8*$!
{
	archiveVersion = 1;
	classes = {
	};
	objectVersion = 50;
	objects = {

/* Begin PBXBuildFile section */
		A5087C3522BA516E00C00C6D /* Heap.swift in Sources */ = {isa = PBXBuildFile; fileRef = A5087C3422BA516E00C00C6D /* Heap.swift */; };
		A5087C3722BA81B500C00C6D /* AVLTree.swift in Sources */ = {isa = PBXBuildFile; fileRef = A5087C3622BA81B500C00C6D /* AVLTree.swift */; };
		A5087C3B22BDF08E00C00C6D /* Graph.swift in Sources */ = {isa = PBXBuildFile; fileRef = A5087C3A22BDF08E00C00C6D /* Graph.swift */; };
		A5087C3F22BF5D8600C00C6D /* String.swift in Sources */ = {isa = PBXBuildFile; fileRef = A5087C3E22BF5D8600C00C6D /* String.swift */; };
		A5087C5122D034C900C00C6D /* Stack.swift in Sources */ = {isa = PBXBuildFile; fileRef = A5087C4122D034C800C00C6D /* Stack.swift */; };
		A5087C5222D034C900C00C6D /* Remove All Adjacent Duplicates In String.swift in Sources */ = {isa = PBXBuildFile; fileRef = A5087C4222D034C800C00C6D /* Remove All Adjacent Duplicates In String.swift */; };
		A5087C5322D034C900C00C6D /* RemoveDuplicateLetters.swift in Sources */ = {isa = PBXBuildFile; fileRef = A5087C4322D034C800C00C6D /* RemoveDuplicateLetters.swift */; };
		A5087C5422D034C900C00C6D /* Backspace String Compare.swift in Sources */ = {isa = PBXBuildFile; fileRef = A5087C4422D034C800C00C6D /* Backspace String Compare.swift */; };
		A5087C5522D034C900C00C6D /* Longest Valid Parentheses.swift in Sources */ = {isa = PBXBuildFile; fileRef = A5087C4522D034C800C00C6D /* Longest Valid Parentheses.swift */; };
		A5087C5622D034C900C00C6D /* NextGreaterElement.swift in Sources */ = {isa = PBXBuildFile; fileRef = A5087C4622D034C800C00C6D /* NextGreaterElement.swift */; };
		A5087C5722D034C900C00C6D /* Valid Parentheses.swift in Sources */ = {isa = PBXBuildFile; fileRef = A5087C4722D034C800C00C6D /* Valid Parentheses.swift */; };
		A5087C5822D034C900C00C6D /* Reverse Linked List.swift in Sources */ = {isa = PBXBuildFile; fileRef = A5087C4922D034C900C00C6D /* Reverse Linked List.swift */; };
		A5087C5922D034C900C00C6D /* Odd Even Linked List.swift in Sources */ = {isa = PBXBuildFile; fileRef = A5087C4A22D034C900C00C6D /* Odd Even Linked List.swift */; };
		A5087C5A22D034C900C00C6D /* Merge Two Sorted Lists.swift in Sources */ = {isa = PBXBuildFile; fileRef = A5087C4B22D034C900C00C6D /* Merge Two Sorted Lists.swift */; };
		A5087C5B22D034C900C00C6D /* Remove Duplicates from Sorted List II.swift in Sources */ = {isa = PBXBuildFile; fileRef = A5087C4C22D034C900C00C6D /* Remove Duplicates from Sorted List II.swift */; };
		A5087C5C22D034C900C00C6D /* Remove Linked List Elements.swift in Sources */ = {isa = PBXBuildFile; fileRef = A5087C4D22D034C900C00C6D /* Remove Linked List Elements.swift */; };
		A5087C5D22D034C900C00C6D /* Remove Nth Node From End of List.swift in Sources */ = {isa = PBXBuildFile; fileRef = A5087C4E22D034C900C00C6D /* Remove Nth Node From End of List.swift */; };
		A5087C5E22D034C900C00C6D /* Linked List.swift in Sources */ = {isa = PBXBuildFile; fileRef = A5087C4F22D034C900C00C6D /* Linked List.swift */; };
		A5087C5F22D034C900C00C6D /* Swap Nodes in Pairs.swift in Sources */ = {isa = PBXBuildFile; fileRef = A5087C5022D034C900C00C6D /* Swap Nodes in Pairs.swift */; };
		A50C7F2122A60850007FE443 /* Remove Duplicates from Sorted Array.swift in Sources */ = {isa = PBXBuildFile; fileRef = A50C7F2022A60850007FE443 /* Remove Duplicates from Sorted Array.swift */; };
		A50C7F2322A64158007FE443 /* Remove Duplicates from Sorted Array II.swift in Sources */ = {isa = PBXBuildFile; fileRef = A50C7F2222A64158007FE443 /* Remove Duplicates from Sorted Array II.swift */; };
		A50C7F2522A650C7007FE443 /* Move Zeroes.swift in Sources */ = {isa = PBXBuildFile; fileRef = A50C7F2422A650C7007FE443 /* Move Zeroes.swift */; };
		A50C7F2722A65C88007FE443 /* Remove Element.swift in Sources */ = {isa = PBXBuildFile; fileRef = A50C7F2622A65C88007FE443 /* Remove Element.swift */; };
		A5254D3A234DB29F00BD57C2 /* 01-Matrix.swift in Sources */ = {isa = PBXBuildFile; fileRef = A5254D39234DB29E00BD57C2 /* 01-Matrix.swift */; };
		A53A818822A0F8E70061BE20 /* Heaters.swift in Sources */ = {isa = PBXBuildFile; fileRef = A53A818722A0F8E70061BE20 /* Heaters.swift */; };
		A53A818A22A11DF00061BE20 /* Number of Boomerangs.swift in Sources */ = {isa = PBXBuildFile; fileRef = A53A818922A11DF00061BE20 /* Number of Boomerangs.swift */; };
		A53A818C22A12B0F0061BE20 /* Island Perimeter.swift in Sources */ = {isa = PBXBuildFile; fileRef = A53A818B22A12B0F0061BE20 /* Island Perimeter.swift */; };
		A576E7CA229FA83D00D04C93 /* AppDelegate.swift in Sources */ = {isa = PBXBuildFile; fileRef = A576E7C9229FA83D00D04C93 /* AppDelegate.swift */; };
		A576E7CC229FA83D00D04C93 /* ViewController.swift in Sources */ = {isa = PBXBuildFile; fileRef = A576E7CB229FA83D00D04C93 /* ViewController.swift */; };
		A576E7CF229FA83D00D04C93 /* Main.storyboard in Resources */ = {isa = PBXBuildFile; fileRef = A576E7CD229FA83D00D04C93 /* Main.storyboard */; };
		A576E7D1229FA83F00D04C93 /* Assets.xcassets in Resources */ = {isa = PBXBuildFile; fileRef = A576E7D0229FA83F00D04C93 /* Assets.xcassets */; };
		A576E7D4229FA83F00D04C93 /* LaunchScreen.storyboard in Resources */ = {isa = PBXBuildFile; fileRef = A576E7D2229FA83F00D04C93 /* LaunchScreen.storyboard */; };
		A576E7DF229FA83F00D04C93 /* LeetCodeTests.swift in Sources */ = {isa = PBXBuildFile; fileRef = A576E7DE229FA83F00D04C93 /* LeetCodeTests.swift */; };
		A576E7EA229FA83F00D04C93 /* LeetCodeUITests.swift in Sources */ = {isa = PBXBuildFile; fileRef = A576E7E9229FA83F00D04C93 /* LeetCodeUITests.swift */; };
		A576E7F9229FB2C800D04C93 /* TwoSum.swift in Sources */ = {isa = PBXBuildFile; fileRef = A576E7F8229FB2C800D04C93 /* TwoSum.swift */; };
		A576E7FB229FB92400D04C93 /* Sort Array By Parity.swift in Sources */ = {isa = PBXBuildFile; fileRef = A576E7FA229FB92300D04C93 /* Sort Array By Parity.swift */; };
		A576E7FD229FC71F00D04C93 /* Max Consecutive Ones.swift in Sources */ = {isa = PBXBuildFile; fileRef = A576E7FC229FC71F00D04C93 /* Max Consecutive Ones.swift */; };
		A5851CB4230B7253002EE81B /* Permutations.swift in Sources */ = {isa = PBXBuildFile; fileRef = A5851CB3230B7253002EE81B /* Permutations.swift */; };
		A58C327C23541598008AE5CE /* 01-SamePart.swift in Sources */ = {isa = PBXBuildFile; fileRef = A58C327B23541598008AE5CE /* 01-SamePart.swift */; };
		A58C327E23541979008AE5CE /* 02-RemoveNode.swift in Sources */ = {isa = PBXBuildFile; fileRef = A58C327D23541979008AE5CE /* 02-RemoveNode.swift */; };
		A58C328023544881008AE5CE /* 03-JosephusKill.swift in Sources */ = {isa = PBXBuildFile; fileRef = A58C327F23544881008AE5CE /* 03-JosephusKill.swift */; };
		A58C328223544E5F008AE5CE /* 04-Palindromic.swift in Sources */ = {isa = PBXBuildFile; fileRef = A58C328123544E5F008AE5CE /* 04-Palindromic.swift */; };
		A58C32842354570C008AE5CE /* 05-AddSum.swift in Sources */ = {isa = PBXBuildFile; fileRef = A58C32832354570C008AE5CE /* 05-AddSum.swift */; };
		A58C328623546C01008AE5CE /* 06-KReverse.swift in Sources */ = {isa = PBXBuildFile; fileRef = A58C328523546C01008AE5CE /* 06-KReverse.swift */; };
		A5A9062F23555EC100246464 /* 07-Exercise.swift in Sources */ = {isa = PBXBuildFile; fileRef = A5A9062E23555EC100246464 /* 07-Exercise.swift */; };
		A5BF3B5E2314169800D2BDC5 /* Min-Cost-Climbing-Stairs.swift in Sources */ = {isa = PBXBuildFile; fileRef = A5BF3B5B2314169700D2BDC5 /* Min-Cost-Climbing-Stairs.swift */; };
		A5BF3B5F2314169800D2BDC5 /* Climbing Stairs.swift in Sources */ = {isa = PBXBuildFile; fileRef = A5BF3B5C2314169700D2BDC5 /* Climbing Stairs.swift */; };
		A5BF3B602314169800D2BDC5 /* Unique Paths.swift in Sources */ = {isa = PBXBuildFile; fileRef = A5BF3B5D2314169700D2BDC5 /* Unique Paths.swift */; };
		A5BF3B622314172F00D2BDC5 /* Unique Paths ii.swift in Sources */ = {isa = PBXBuildFile; fileRef = A5BF3B612314172F00D2BDC5 /* Unique Paths ii.swift */; };
		A5BF3B6C23142A1000D2BDC5 /* Combination Sum II.swift in Sources */ = {isa = PBXBuildFile; fileRef = A5BF3B6323142A1000D2BDC5 /* Combination Sum II.swift */; };
		A5BF3B6D23142A1000D2BDC5 /* Permutationsii.swift in Sources */ = {isa = PBXBuildFile; fileRef = A5BF3B6423142A1000D2BDC5 /* Permutationsii.swift */; };
		A5BF3B6F23142A1000D2BDC5 /* Combination Sum III.swift in Sources */ = {isa = PBXBuildFile; fileRef = A5BF3B6623142A1000D2BDC5 /* Combination Sum III.swift */; };
		A5BF3B7023142A1000D2BDC5 /* Palindrome Partitioning.swift in Sources */ = {isa = PBXBuildFile; fileRef = A5BF3B6723142A1000D2BDC5 /* Palindrome Partitioning.swift */; };
		A5BF3B7123142A1000D2BDC5 /* Combinations.swift in Sources */ = {isa = PBXBuildFile; fileRef = A5BF3B6823142A1000D2BDC5 /* Combinations.swift */; };
		A5BF3B7223142A1000D2BDC5 /* Combination Sum.swift in Sources */ = {isa = PBXBuildFile; fileRef = A5BF3B6923142A1000D2BDC5 /* Combination Sum.swift */; };
		A5BF3B7323142A1000D2BDC5 /* Subsets.swift in Sources */ = {isa = PBXBuildFile; fileRef = A5BF3B6A23142A1000D2BDC5 /* Subsets.swift */; };
		A5BF3B7423142A1000D2BDC5 /* Subsetsii.swift in Sources */ = {isa = PBXBuildFile; fileRef = A5BF3B6B23142A1000D2BDC5 /* Subsetsii.swift */; };
		A5BF3B7623156A9E00D2BDC5 /* Best Time to Buy and Sell Stock.swift in Sources */ = {isa = PBXBuildFile; fileRef = A5BF3B7523156A9E00D2BDC5 /* Best Time to Buy and Sell Stock.swift */; };
		A5BF3B7823156FA000D2BDC5 /* Best Time to Buy and Sell Stock II.swift in Sources */ = {isa = PBXBuildFile; fileRef = A5BF3B7723156FA000D2BDC5 /* Best Time to Buy and Sell Stock II.swift */; };
		A5BF3B7A2315711800D2BDC5 /* Best Time to Buy and Sell Stock III.swift in Sources */ = {isa = PBXBuildFile; fileRef = A5BF3B792315711800D2BDC5 /* Best Time to Buy and Sell Stock III.swift */; };
		A5BF3B7C2316BCC500D2BDC5 /* Coin Change.swift in Sources */ = {isa = PBXBuildFile; fileRef = A5BF3B7B2316BCC500D2BDC5 /* Coin Change.swift */; };
		A5BF3B7E2316C47D00D2BDC5 /* Longest Increasing Subsequence.swift in Sources */ = {isa = PBXBuildFile; fileRef = A5BF3B7D2316C47D00D2BDC5 /* Longest Increasing Subsequence.swift */; };
		A5BF3B802316CB7E00D2BDC5 /* Longest Palindromic Substring.swift in Sources */ = {isa = PBXBuildFile; fileRef = A5BF3B7F2316CB7E00D2BDC5 /* Longest Palindromic Substring.swift */; };
		A5C609BD22A756D5002708DF /* 3Sum.swift in Sources */ = {isa = PBXBuildFile; fileRef = A5C609BC22A756D5002708DF /* 3Sum.swift */; };
		A5C609BF22A769BC002708DF /* 3Sum Closest.swift in Sources */ = {isa = PBXBuildFile; fileRef = A5C609BE22A769BC002708DF /* 3Sum Closest.swift */; };
		A5C609C122A7BF94002708DF /* 4Sum.swift in Sources */ = {isa = PBXBuildFile; fileRef = A5C609C022A7BF94002708DF /* 4Sum.swift */; };
		A5C9A03422D37577005443D4 /* Sort.swift in Sources */ = {isa = PBXBuildFile; fileRef = A5C9A03322D37577005443D4 /* Sort.swift */; };
		A5C9A03622DCA581005443D4 /* SortArrayByParityII.swift in Sources */ = {isa = PBXBuildFile; fileRef = A5C9A03522DCA581005443D4 /* SortArrayByParityII.swift */; };
		A5C9A03822DCB185005443D4 /* Intersection.swift in Sources */ = {isa = PBXBuildFile; fileRef = A5C9A03722DCB185005443D4 /* Intersection.swift */; };
		A5C9A03A22DCB7EA005443D4 /* Valid Anagram.swift in Sources */ = {isa = PBXBuildFile; fileRef = A5C9A03922DCB7EA005443D4 /* Valid Anagram.swift */; };
		A5C9A03C22DCC509005443D4 /* Sort Colors.swift in Sources */ = {isa = PBXBuildFile; fileRef = A5C9A03B22DCC509005443D4 /* Sort Colors.swift */; };
		A5C9A04B22E09B39005443D4 /* Kth Smallest Element in a Sorted Matrix.swift in Sources */ = {isa = PBXBuildFile; fileRef = A5C9A04322E09B38005443D4 /* Kth Smallest Element in a Sorted Matrix.swift */; };
		A5C9A04C22E09B39005443D4 /* Find Peak Element.swift in Sources */ = {isa = PBXBuildFile; fileRef = A5C9A04422E09B38005443D4 /* Find Peak Element.swift */; };
		A5C9A04D22E09B39005443D4 /* PeakIndexinaMountainArray.swift in Sources */ = {isa = PBXBuildFile; fileRef = A5C9A04522E09B38005443D4 /* PeakIndexinaMountainArray.swift */; };
		A5C9A04E22E09B39005443D4 /* Binary Search.swift in Sources */ = {isa = PBXBuildFile; fileRef = A5C9A04622E09B38005443D4 /* Binary Search.swift */; };
		A5C9A04F22E09B39005443D4 /* Sqrt.swift in Sources */ = {isa = PBXBuildFile; fileRef = A5C9A04722E09B38005443D4 /* Sqrt.swift */; };
		A5C9A05022E09B39005443D4 /* Search Insert Position.swift in Sources */ = {isa = PBXBuildFile; fileRef = A5C9A04822E09B39005443D4 /* Search Insert Position.swift */; };
		A5C9A05122E09B39005443D4 /* Find Smallest Letter Greater Than Target.swift in Sources */ = {isa = PBXBuildFile; fileRef = A5C9A04922E09B39005443D4 /* Find Smallest Letter Greater Than Target.swift */; };
		A5C9A05222E09B39005443D4 /* Find the Duplicate Number.swift in Sources */ = {isa = PBXBuildFile; fileRef = A5C9A04A22E09B39005443D4 /* Find the Duplicate Number.swift */; };
		A5C9A05422E09B84005443D4 /* Tree.swift in Sources */ = {isa = PBXBuildFile; fileRef = A5C9A05322E09B84005443D4 /* Tree.swift */; };
		A5C9A05722E7491D005443D4 /* BST.swift in Sources */ = {isa = PBXBuildFile; fileRef = A5C9A05622E7491D005443D4 /* BST.swift */; };
		A5C9A05922E89CFC005443D4 /* RedBlackBST.swift in Sources */ = {isa = PBXBuildFile; fileRef = A5C9A05822E89CFC005443D4 /* RedBlackBST.swift */; };
		A5C9A05C22E9DFBC005443D4 /* LinearProbingHashST.swift in Sources */ = {isa = PBXBuildFile; fileRef = A5C9A05B22E9DFBC005443D4 /* LinearProbingHashST.swift */; };
		A5C9A05E22E9EACE005443D4 /* SequentialSearchST.swift in Sources */ = {isa = PBXBuildFile; fileRef = A5C9A05D22E9EACE005443D4 /* SequentialSearchST.swift */; };
		A5C9A06022E9EFF0005443D4 /* SeparateChainingHashST.swift in Sources */ = {isa = PBXBuildFile; fileRef = A5C9A05F22E9EFF0005443D4 /* SeparateChainingHashST.swift */; };
		A5C9A06222EF356B005443D4 /* LinkedGraph.swift in Sources */ = {isa = PBXBuildFile; fileRef = A5C9A06122EF356B005443D4 /* LinkedGraph.swift */; };
		A5C9A06422F0804B005443D4 /* Digraph.swift in Sources */ = {isa = PBXBuildFile; fileRef = A5C9A06322F0804B005443D4 /* Digraph.swift */; };
		A5C9A06722F08059005443D4 /* MaxPQ.swift in Sources */ = {isa = PBXBuildFile; fileRef = A5C9A06522F08059005443D4 /* MaxPQ.swift */; };
		A5C9A06822F08059005443D4 /* MinPQ.swift in Sources */ = {isa = PBXBuildFile; fileRef = A5C9A06622F08059005443D4 /* MinPQ.swift */; };
		A5C9A06A22F080C2005443D4 /* EdgeWeightGraph.swift in Sources */ = {isa = PBXBuildFile; fileRef = A5C9A06922F080C2005443D4 /* EdgeWeightGraph.swift */; };
		A5C9A06C22F084A0005443D4 /* Prime.swift in Sources */ = {isa = PBXBuildFile; fileRef = A5C9A06B22F084A0005443D4 /* Prime.swift */; };
		A5C9A07122F1CFD4005443D4 /* IndexMinPQ.swift in Sources */ = {isa = PBXBuildFile; fileRef = A5C9A06F22F1CFD4005443D4 /* IndexMinPQ.swift */; };
		A5C9A07222F1CFD4005443D4 /* IndexMaxPQ.swift in Sources */ = {isa = PBXBuildFile; fileRef = A5C9A07022F1CFD4005443D4 /* IndexMaxPQ.swift */; };
		A5C9A07622F1D613005443D4 /* EdgeWeightDigraph.swift in Sources */ = {isa = PBXBuildFile; fileRef = A5C9A07522F1D612005443D4 /* EdgeWeightDigraph.swift */; };
		A5C9A07822F1D616005443D4 /* Dijkstra.swift in Sources */ = {isa = PBXBuildFile; fileRef = A5C9A07722F1D615005443D4 /* Dijkstra.swift */; };
		A5C9DCAA2351B23A002188EA /* 01-MinStack.swift in Sources */ = {isa = PBXBuildFile; fileRef = A5C9DCA92351B23A002188EA /* 01-MinStack.swift */; };
		A5C9DCAC2351B43A002188EA /* 02-StackQueue.swift in Sources */ = {isa = PBXBuildFile; fileRef = A5C9DCAB2351B43A002188EA /* 02-StackQueue.swift */; };
		A5C9DCAE2351B71E002188EA /* 03-StackSort.swift in Sources */ = {isa = PBXBuildFile; fileRef = A5C9DCAD2351B71E002188EA /* 03-StackSort.swift */; };
		A5C9DCB02351BC35002188EA /* 04-WindowMaxValue.swift in Sources */ = {isa = PBXBuildFile; fileRef = A5C9DCAF2351BC35002188EA /* 04-WindowMaxValue.swift */; };
		A5D42752234DC5E5003B5549 /* 02-Rotate.swift in Sources */ = {isa = PBXBuildFile; fileRef = A5D42751234DC5E5003B5549 /* 02-Rotate.swift */; };
		A5D42754234DD0A2003B5549 /* 03-Zhi.swift in Sources */ = {isa = PBXBuildFile; fileRef = A5D42753234DD0A2003B5549 /* 03-Zhi.swift */; };
		A5D42756234DD8F0003B5549 /* 04-MinK.swift in Sources */ = {isa = PBXBuildFile; fileRef = A5D42755234DD8F0003B5549 /* 04-MinK.swift */; };
		A5D42758234EDE82003B5549 /* 05-MinLength.swift in Sources */ = {isa = PBXBuildFile; fileRef = A5D42757234EDE82003B5549 /* 05-MinLength.swift */; };
		A5D4275A234F0241003B5549 /* 06-MoreHalfTimes.swift in Sources */ = {isa = PBXBuildFile; fileRef = A5D42759234F0241003B5549 /* 06-MoreHalfTimes.swift */; };
		A5D4275C234F06FB003B5549 /* 07-MatrixValue.swift in Sources */ = {isa = PBXBuildFile; fileRef = A5D4275B234F06FB003B5549 /* 07-MatrixValue.swift */; };
		A5D4275E234F0BD5003B5549 /* 08-MaxCombinedArray.swift in Sources */ = {isa = PBXBuildFile; fileRef = A5D4275D234F0BD5003B5549 /* 08-MaxCombinedArray.swift */; };
		A5D42760234F137A003B5549 /* 09-UniquePrint.swift in Sources */ = {isa = PBXBuildFile; fileRef = A5D4275F234F137A003B5549 /* 09-UniquePrint.swift */; };
		A5D42762234F2384003B5549 /* 10-MaxLength.swift in Sources */ = {isa = PBXBuildFile; fileRef = A5D42761234F2384003B5549 /* 10-MaxLength.swift */; };
		A5D42764235017AA003B5549 /* 11-CustomSort.swift in Sources */ = {isa = PBXBuildFile; fileRef = A5D42763235017AA003B5549 /* 11-CustomSort.swift */; };
		A5D4276623502693003B5549 /* 12-OddEven.swift in Sources */ = {isa = PBXBuildFile; fileRef = A5D4276523502693003B5549 /* 12-OddEven.swift */; };
		A5D4276823502ED1003B5549 /* 13-MaxSum.swift in Sources */ = {isa = PBXBuildFile; fileRef = A5D4276723502ED1003B5549 /* 13-MaxSum.swift */; };
		A5D4276A2350516E003B5549 /* 14-PartMin.swift in Sources */ = {isa = PBXBuildFile; fileRef = A5D427692350516E003B5549 /* 14-PartMin.swift */; };
		A5D4276C23505811003B5549 /* 15-MultipyValue.swift in Sources */ = {isa = PBXBuildFile; fileRef = A5D4276B23505811003B5549 /* 15-MultipyValue.swift */; };
		A5D4276E23505A36003B5549 /* 16-Partition.swift in Sources */ = {isa = PBXBuildFile; fileRef = A5D4276D23505A36003B5549 /* 16-Partition.swift */; };
		A5D42770235074B3003B5549 /* 17-MinNumber.swift in Sources */ = {isa = PBXBuildFile; fileRef = A5D4276F235074B3003B5549 /* 17-MinNumber.swift */; };
		A5D7D84722A4B8260024159D /* MajorityElement.swift in Sources */ = {isa = PBXBuildFile; fileRef = A5D7D84622A4B8260024159D /* MajorityElement.swift */; };
		A5D7D84922A4BE410024159D /* MajorityElement II.swift in Sources */ = {isa = PBXBuildFile; fileRef = A5D7D84822A4BE410024159D /* MajorityElement II.swift */; };
		A5D7D84B22A4E98E0024159D /* Intersection of Two Arrays.swift in Sources */ = {isa = PBXBuildFile; fileRef = A5D7D84A22A4E98E0024159D /* Intersection of Two Arrays.swift */; };
		A5D7D84D22A4ECFE0024159D /* Intersection of Two Arrays II.swift in Sources */ = {isa = PBXBuildFile; fileRef = A5D7D84C22A4ECFE0024159D /* Intersection of Two Arrays II.swift */; };
		A5D7D84F22A5218B0024159D /* Contains Duplicate.swift in Sources */ = {isa = PBXBuildFile; fileRef = A5D7D84E22A5218B0024159D /* Contains Duplicate.swift */; };
		A5D7D85122A522FE0024159D /* Contains Duplicate II.swift in Sources */ = {isa = PBXBuildFile; fileRef = A5D7D85022A522FE0024159D /* Contains Duplicate II.swift */; };
		A5D9E64F22A696B300C6C9AE /* Binary Search Tree.swift in Sources */ = {isa = PBXBuildFile; fileRef = A5D9E64E22A696B300C6C9AE /* Binary Search Tree.swift */; };
/* End PBXBuildFile section */

/* Begin PBXContainerItemProxy section */
		A576E7DB229FA83F00D04C93 /* PBXContainerItemProxy */ = {
			isa = PBXContainerItemProxy;
			containerPortal = A576E7BE229FA83D00D04C93 /* Project object */;
			proxyType = 1;
			remoteGlobalIDString = A576E7C5229FA83D00D04C93;
			remoteInfo = LeetCode;
		};
		A576E7E6229FA83F00D04C93 /* PBXContainerItemProxy */ = {
			isa = PBXContainerItemProxy;
			containerPortal = A576E7BE229FA83D00D04C93 /* Project object */;
			proxyType = 1;
			remoteGlobalIDString = A576E7C5229FA83D00D04C93;
			remoteInfo = LeetCode;
		};
/* End PBXContainerItemProxy section */

/* Begin PBXFileReference section */
		A5087C3422BA516E00C00C6D /* Heap.swift */ = {isa = PBXFileReference; lastKnownFileType = sourcecode.swift; path = Heap.swift; sourceTree = "<group>"; };
		A5087C3622BA81B500C00C6D /* AVLTree.swift */ = {isa = PBXFileReference; lastKnownFileType = sourcecode.swift; path = AVLTree.swift; sourceTree = "<group>"; };
		A5087C3A22BDF08E00C00C6D /* Graph.swift */ = {isa = PBXFileReference; lastKnownFileType = sourcecode.swift; path = Graph.swift; sourceTree = "<group>"; };
		A5087C3E22BF5D8600C00C6D /* String.swift */ = {isa = PBXFileReference; lastKnownFileType = sourcecode.swift; path = String.swift; sourceTree = "<group>"; };
		A5087C4122D034C800C00C6D /* Stack.swift */ = {isa = PBXFileReference; fileEncoding = 4; lastKnownFileType = sourcecode.swift; path = Stack.swift; sourceTree = "<group>"; };
		A5087C4222D034C800C00C6D /* Remove All Adjacent Duplicates In String.swift */ = {isa = PBXFileReference; fileEncoding = 4; lastKnownFileType = sourcecode.swift; path = "Remove All Adjacent Duplicates In String.swift"; sourceTree = "<group>"; };
		A5087C4322D034C800C00C6D /* RemoveDuplicateLetters.swift */ = {isa = PBXFileReference; fileEncoding = 4; lastKnownFileType = sourcecode.swift; path = RemoveDuplicateLetters.swift; sourceTree = "<group>"; };
		A5087C4422D034C800C00C6D /* Backspace String Compare.swift */ = {isa = PBXFileReference; fileEncoding = 4; lastKnownFileType = sourcecode.swift; path = "Backspace String Compare.swift"; sourceTree = "<group>"; };
		A5087C4522D034C800C00C6D /* Longest Valid Parentheses.swift */ = {isa = PBXFileReference; fileEncoding = 4; lastKnownFileType = sourcecode.swift; path = "Longest Valid Parentheses.swift"; sourceTree = "<group>"; };
		A5087C4622D034C800C00C6D /* NextGreaterElement.swift */ = {isa = PBXFileReference; fileEncoding = 4; lastKnownFileType = sourcecode.swift; path = NextGreaterElement.swift; sourceTree = "<group>"; };
		A5087C4722D034C800C00C6D /* Valid Parentheses.swift */ = {isa = PBXFileReference; fileEncoding = 4; lastKnownFileType = sourcecode.swift; path = "Valid Parentheses.swift"; sourceTree = "<group>"; };
		A5087C4922D034C900C00C6D /* Reverse Linked List.swift */ = {isa = PBXFileReference; fileEncoding = 4; lastKnownFileType = sourcecode.swift; path = "Reverse Linked List.swift"; sourceTree = "<group>"; };
		A5087C4A22D034C900C00C6D /* Odd Even Linked List.swift */ = {isa = PBXFileReference; fileEncoding = 4; lastKnownFileType = sourcecode.swift; path = "Odd Even Linked List.swift"; sourceTree = "<group>"; };
		A5087C4B22D034C900C00C6D /* Merge Two Sorted Lists.swift */ = {isa = PBXFileReference; fileEncoding = 4; lastKnownFileType = sourcecode.swift; path = "Merge Two Sorted Lists.swift"; sourceTree = "<group>"; };
		A5087C4C22D034C900C00C6D /* Remove Duplicates from Sorted List II.swift */ = {isa = PBXFileReference; fileEncoding = 4; lastKnownFileType = sourcecode.swift; path = "Remove Duplicates from Sorted List II.swift"; sourceTree = "<group>"; };
		A5087C4D22D034C900C00C6D /* Remove Linked List Elements.swift */ = {isa = PBXFileReference; fileEncoding = 4; lastKnownFileType = sourcecode.swift; path = "Remove Linked List Elements.swift"; sourceTree = "<group>"; };
		A5087C4E22D034C900C00C6D /* Remove Nth Node From End of List.swift */ = {isa = PBXFileReference; fileEncoding = 4; lastKnownFileType = sourcecode.swift; path = "Remove Nth Node From End of List.swift"; sourceTree = "<group>"; };
		A5087C4F22D034C900C00C6D /* Linked List.swift */ = {isa = PBXFileReference; fileEncoding = 4; lastKnownFileType = sourcecode.swift; path = "Linked List.swift"; sourceTree = "<group>"; };
		A5087C5022D034C900C00C6D /* Swap Nodes in Pairs.swift */ = {isa = PBXFileReference; fileEncoding = 4; lastKnownFileType = sourcecode.swift; path = "Swap Nodes in Pairs.swift"; sourceTree = "<group>"; };
		A50C7F2022A60850007FE443 /* Remove Duplicates from Sorted Array.swift */ = {isa = PBXFileReference; lastKnownFileType = sourcecode.swift; path = "Remove Duplicates from Sorted Array.swift"; sourceTree = "<group>"; };
		A50C7F2222A64158007FE443 /* Remove Duplicates from Sorted Array II.swift */ = {isa = PBXFileReference; lastKnownFileType = sourcecode.swift; path = "Remove Duplicates from Sorted Array II.swift"; sourceTree = "<group>"; };
		A50C7F2422A650C7007FE443 /* Move Zeroes.swift */ = {isa = PBXFileReference; lastKnownFileType = sourcecode.swift; path = "Move Zeroes.swift"; sourceTree = "<group>"; };
		A50C7F2622A65C88007FE443 /* Remove Element.swift */ = {isa = PBXFileReference; lastKnownFileType = sourcecode.swift; path = "Remove Element.swift"; sourceTree = "<group>"; };
		A5254D39234DB29E00BD57C2 /* 01-Matrix.swift */ = {isa = PBXFileReference; lastKnownFileType = sourcecode.swift; path = "01-Matrix.swift"; sourceTree = "<group>"; };
		A53A818722A0F8E70061BE20 /* Heaters.swift */ = {isa = PBXFileReference; lastKnownFileType = sourcecode.swift; path = Heaters.swift; sourceTree = "<group>"; };
		A53A818922A11DF00061BE20 /* Number of Boomerangs.swift */ = {isa = PBXFileReference; lastKnownFileType = sourcecode.swift; path = "Number of Boomerangs.swift"; sourceTree = "<group>"; };
		A53A818B22A12B0F0061BE20 /* Island Perimeter.swift */ = {isa = PBXFileReference; lastKnownFileType = sourcecode.swift; path = "Island Perimeter.swift"; sourceTree = "<group>"; };
		A576E7C6229FA83D00D04C93 /* LeetCode.app */ = {isa = PBXFileReference; explicitFileType = wrapper.application; includeInIndex = 0; path = LeetCode.app; sourceTree = BUILT_PRODUCTS_DIR; };
		A576E7C9229FA83D00D04C93 /* AppDelegate.swift */ = {isa = PBXFileReference; lastKnownFileType = sourcecode.swift; path = AppDelegate.swift; sourceTree = "<group>"; };
		A576E7CB229FA83D00D04C93 /* ViewController.swift */ = {isa = PBXFileReference; lastKnownFileType = sourcecode.swift; path = ViewController.swift; sourceTree = "<group>"; };
		A576E7CE229FA83D00D04C93 /* Base */ = {isa = PBXFileReference; lastKnownFileType = file.storyboard; name = Base; path = Base.lproj/Main.storyboard; sourceTree = "<group>"; };
		A576E7D0229FA83F00D04C93 /* Assets.xcassets */ = {isa = PBXFileReference; lastKnownFileType = folder.assetcatalog; path = Assets.xcassets; sourceTree = "<group>"; };
		A576E7D3229FA83F00D04C93 /* Base */ = {isa = PBXFileReference; lastKnownFileType = file.storyboard; name = Base; path = Base.lproj/LaunchScreen.storyboard; sourceTree = "<group>"; };
		A576E7D5229FA83F00D04C93 /* Info.plist */ = {isa = PBXFileReference; lastKnownFileType = text.plist.xml; path = Info.plist; sourceTree = "<group>"; };
		A576E7DA229FA83F00D04C93 /* LeetCodeTests.xctest */ = {isa = PBXFileReference; explicitFileType = wrapper.cfbundle; includeInIndex = 0; path = LeetCodeTests.xctest; sourceTree = BUILT_PRODUCTS_DIR; };
		A576E7DE229FA83F00D04C93 /* LeetCodeTests.swift */ = {isa = PBXFileReference; lastKnownFileType = sourcecode.swift; path = LeetCodeTests.swift; sourceTree = "<group>"; };
		A576E7E0229FA83F00D04C93 /* Info.plist */ = {isa = PBXFileReference; lastKnownFileType = text.plist.xml; path = Info.plist; sourceTree = "<group>"; };
		A576E7E5229FA83F00D04C93 /* LeetCodeUITests.xctest */ = {isa = PBXFileReference; explicitFileType = wrapper.cfbundle; includeInIndex = 0; path = LeetCodeUITests.xctest; sourceTree = BUILT_PRODUCTS_DIR; };
		A576E7E9229FA83F00D04C93 /* LeetCodeUITests.swift */ = {isa = PBXFileReference; lastKnownFileType = sourcecode.swift; path = LeetCodeUITests.swift; sourceTree = "<group>"; };
		A576E7EB229FA83F00D04C93 /* Info.plist */ = {isa = PBXFileReference; lastKnownFileType = text.plist.xml; path = Info.plist; sourceTree = "<group>"; };
		A576E7F8229FB2C800D04C93 /* TwoSum.swift */ = {isa = PBXFileReference; lastKnownFileType = sourcecode.swift; path = TwoSum.swift; sourceTree = "<group>"; };
		A576E7FA229FB92300D04C93 /* Sort Array By Parity.swift */ = {isa = PBXFileReference; lastKnownFileType = sourcecode.swift; path = "Sort Array By Parity.swift"; sourceTree = "<group>"; };
		A576E7FC229FC71F00D04C93 /* Max Consecutive Ones.swift */ = {isa = PBXFileReference; lastKnownFileType = sourcecode.swift; path = "Max Consecutive Ones.swift"; sourceTree = "<group>"; };
		A5851CB3230B7253002EE81B /* Permutations.swift */ = {isa = PBXFileReference; lastKnownFileType = sourcecode.swift; path = Permutations.swift; sourceTree = "<group>"; };
		A58C327B23541598008AE5CE /* 01-SamePart.swift */ = {isa = PBXFileReference; lastKnownFileType = sourcecode.swift; path = "01-SamePart.swift"; sourceTree = "<group>"; };
		A58C327D23541979008AE5CE /* 02-RemoveNode.swift */ = {isa = PBXFileReference; lastKnownFileType = sourcecode.swift; path = "02-RemoveNode.swift"; sourceTree = "<group>"; };
		A58C327F23544881008AE5CE /* 03-JosephusKill.swift */ = {isa = PBXFileReference; lastKnownFileType = sourcecode.swift; path = "03-JosephusKill.swift"; sourceTree = "<group>"; };
		A58C328123544E5F008AE5CE /* 04-Palindromic.swift */ = {isa = PBXFileReference; lastKnownFileType = sourcecode.swift; path = "04-Palindromic.swift"; sourceTree = "<group>"; };
		A58C32832354570C008AE5CE /* 05-AddSum.swift */ = {isa = PBXFileReference; lastKnownFileType = sourcecode.swift; path = "05-AddSum.swift"; sourceTree = "<group>"; };
		A58C328523546C01008AE5CE /* 06-KReverse.swift */ = {isa = PBXFileReference; lastKnownFileType = sourcecode.swift; path = "06-KReverse.swift"; sourceTree = "<group>"; };
		A5A9062E23555EC100246464 /* 07-Exercise.swift */ = {isa = PBXFileReference; lastKnownFileType = sourcecode.swift; path = "07-Exercise.swift"; sourceTree = "<group>"; };
		A5BF3B5B2314169700D2BDC5 /* Min-Cost-Climbing-Stairs.swift */ = {isa = PBXFileReference; fileEncoding = 4; lastKnownFileType = sourcecode.swift; path = "Min-Cost-Climbing-Stairs.swift"; sourceTree = "<group>"; };
		A5BF3B5C2314169700D2BDC5 /* Climbing Stairs.swift */ = {isa = PBXFileReference; fileEncoding = 4; lastKnownFileType = sourcecode.swift; path = "Climbing Stairs.swift"; sourceTree = "<group>"; };
		A5BF3B5D2314169700D2BDC5 /* Unique Paths.swift */ = {isa = PBXFileReference; fileEncoding = 4; lastKnownFileType = sourcecode.swift; path = "Unique Paths.swift"; sourceTree = "<group>"; };
		A5BF3B612314172F00D2BDC5 /* Unique Paths ii.swift */ = {isa = PBXFileReference; lastKnownFileType = sourcecode.swift; path = "Unique Paths ii.swift"; sourceTree = "<group>"; };
		A5BF3B6323142A1000D2BDC5 /* Combination Sum II.swift */ = {isa = PBXFileReference; fileEncoding = 4; lastKnownFileType = sourcecode.swift; path = "Combination Sum II.swift"; sourceTree = "<group>"; };
		A5BF3B6423142A1000D2BDC5 /* Permutationsii.swift */ = {isa = PBXFileReference; fileEncoding = 4; lastKnownFileType = sourcecode.swift; path = Permutationsii.swift; sourceTree = "<group>"; };
		A5BF3B6623142A1000D2BDC5 /* Combination Sum III.swift */ = {isa = PBXFileReference; fileEncoding = 4; lastKnownFileType = sourcecode.swift; path = "Combination Sum III.swift"; sourceTree = "<group>"; };
		A5BF3B6723142A1000D2BDC5 /* Palindrome Partitioning.swift */ = {isa = PBXFileReference; fileEncoding = 4; lastKnownFileType = sourcecode.swift; path = "Palindrome Partitioning.swift"; sourceTree = "<group>"; };
		A5BF3B6823142A1000D2BDC5 /* Combinations.swift */ = {isa = PBXFileReference; fileEncoding = 4; lastKnownFileType = sourcecode.swift; path = Combinations.swift; sourceTree = "<group>"; };
		A5BF3B6923142A1000D2BDC5 /* Combination Sum.swift */ = {isa = PBXFileReference; fileEncoding = 4; lastKnownFileType = sourcecode.swift; path = "Combination Sum.swift"; sourceTree = "<group>"; };
		A5BF3B6A23142A1000D2BDC5 /* Subsets.swift */ = {isa = PBXFileReference; fileEncoding = 4; lastKnownFileType = sourcecode.swift; path = Subsets.swift; sourceTree = "<group>"; };
		A5BF3B6B23142A1000D2BDC5 /* Subsetsii.swift */ = {isa = PBXFileReference; fileEncoding = 4; lastKnownFileType = sourcecode.swift; path = Subsetsii.swift; sourceTree = "<group>"; };
		A5BF3B7523156A9E00D2BDC5 /* Best Time to Buy and Sell Stock.swift */ = {isa = PBXFileReference; lastKnownFileType = sourcecode.swift; path = "Best Time to Buy and Sell Stock.swift"; sourceTree = "<group>"; };
		A5BF3B7723156FA000D2BDC5 /* Best Time to Buy and Sell Stock II.swift */ = {isa = PBXFileReference; lastKnownFileType = sourcecode.swift; path = "Best Time to Buy and Sell Stock II.swift"; sourceTree = "<group>"; };
		A5BF3B792315711800D2BDC5 /* Best Time to Buy and Sell Stock III.swift */ = {isa = PBXFileReference; lastKnownFileType = sourcecode.swift; path = "Best Time to Buy and Sell Stock III.swift"; sourceTree = "<group>"; };
		A5BF3B7B2316BCC500D2BDC5 /* Coin Change.swift */ = {isa = PBXFileReference; lastKnownFileType = sourcecode.swift; path = "Coin Change.swift"; sourceTree = "<group>"; };
		A5BF3B7D2316C47D00D2BDC5 /* Longest Increasing Subsequence.swift */ = {isa = PBXFileReference; lastKnownFileType = sourcecode.swift; path = "Longest Increasing Subsequence.swift"; sourceTree = "<group>"; };
		A5BF3B7F2316CB7E00D2BDC5 /* Longest Palindromic Substring.swift */ = {isa = PBXFileReference; lastKnownFileType = sourcecode.swift; path = "Longest Palindromic Substring.swift"; sourceTree = "<group>"; };
		A5C609BC22A756D5002708DF /* 3Sum.swift */ = {isa = PBXFileReference; lastKnownFileType = sourcecode.swift; path = 3Sum.swift; sourceTree = "<group>"; };
		A5C609BE22A769BC002708DF /* 3Sum Closest.swift */ = {isa = PBXFileReference; lastKnownFileType = sourcecode.swift; path = "3Sum Closest.swift"; sourceTree = "<group>"; };
		A5C609C022A7BF94002708DF /* 4Sum.swift */ = {isa = PBXFileReference; lastKnownFileType = sourcecode.swift; path = 4Sum.swift; sourceTree = "<group>"; };
		A5C9A03322D37577005443D4 /* Sort.swift */ = {isa = PBXFileReference; lastKnownFileType = sourcecode.swift; path = Sort.swift; sourceTree = "<group>"; };
		A5C9A03522DCA581005443D4 /* SortArrayByParityII.swift */ = {isa = PBXFileReference; lastKnownFileType = sourcecode.swift; path = SortArrayByParityII.swift; sourceTree = "<group>"; };
		A5C9A03722DCB185005443D4 /* Intersection.swift */ = {isa = PBXFileReference; lastKnownFileType = sourcecode.swift; path = Intersection.swift; sourceTree = "<group>"; };
		A5C9A03922DCB7EA005443D4 /* Valid Anagram.swift */ = {isa = PBXFileReference; lastKnownFileType = sourcecode.swift; path = "Valid Anagram.swift"; sourceTree = "<group>"; };
		A5C9A03B22DCC509005443D4 /* Sort Colors.swift */ = {isa = PBXFileReference; lastKnownFileType = sourcecode.swift; path = "Sort Colors.swift"; sourceTree = "<group>"; };
		A5C9A04322E09B38005443D4 /* Kth Smallest Element in a Sorted Matrix.swift */ = {isa = PBXFileReference; fileEncoding = 4; lastKnownFileType = sourcecode.swift; path = "Kth Smallest Element in a Sorted Matrix.swift"; sourceTree = "<group>"; };
		A5C9A04422E09B38005443D4 /* Find Peak Element.swift */ = {isa = PBXFileReference; fileEncoding = 4; lastKnownFileType = sourcecode.swift; path = "Find Peak Element.swift"; sourceTree = "<group>"; };
		A5C9A04522E09B38005443D4 /* PeakIndexinaMountainArray.swift */ = {isa = PBXFileReference; fileEncoding = 4; lastKnownFileType = sourcecode.swift; path = PeakIndexinaMountainArray.swift; sourceTree = "<group>"; };
		A5C9A04622E09B38005443D4 /* Binary Search.swift */ = {isa = PBXFileReference; fileEncoding = 4; lastKnownFileType = sourcecode.swift; path = "Binary Search.swift"; sourceTree = "<group>"; };
		A5C9A04722E09B38005443D4 /* Sqrt.swift */ = {isa = PBXFileReference; fileEncoding = 4; lastKnownFileType = sourcecode.swift; path = Sqrt.swift; sourceTree = "<group>"; };
		A5C9A04822E09B39005443D4 /* Search Insert Position.swift */ = {isa = PBXFileReference; fileEncoding = 4; lastKnownFileType = sourcecode.swift; path = "Search Insert Position.swift"; sourceTree = "<group>"; };
		A5C9A04922E09B39005443D4 /* Find Smallest Letter Greater Than Target.swift */ = {isa = PBXFileReference; fileEncoding = 4; lastKnownFileType = sourcecode.swift; path = "Find Smallest Letter Greater Than Target.swift"; sourceTree = "<group>"; };
		A5C9A04A22E09B39005443D4 /* Find the Duplicate Number.swift */ = {isa = PBXFileReference; fileEncoding = 4; lastKnownFileType = sourcecode.swift; path = "Find the Duplicate Number.swift"; sourceTree = "<group>"; };
		A5C9A05322E09B84005443D4 /* Tree.swift */ = {isa = PBXFileReference; fileEncoding = 4; lastKnownFileType = sourcecode.swift; path = Tree.swift; sourceTree = "<group>"; };
		A5C9A05622E7491D005443D4 /* BST.swift */ = {isa = PBXFileReference; lastKnownFileType = sourcecode.swift; path = BST.swift; sourceTree = "<group>"; };
		A5C9A05822E89CFC005443D4 /* RedBlackBST.swift */ = {isa = PBXFileReference; lastKnownFileType = sourcecode.swift; path = RedBlackBST.swift; sourceTree = "<group>"; };
		A5C9A05B22E9DFBC005443D4 /* LinearProbingHashST.swift */ = {isa = PBXFileReference; lastKnownFileType = sourcecode.swift; path = LinearProbingHashST.swift; sourceTree = "<group>"; };
		A5C9A05D22E9EACE005443D4 /* SequentialSearchST.swift */ = {isa = PBXFileReference; lastKnownFileType = sourcecode.swift; path = SequentialSearchST.swift; sourceTree = "<group>"; };
		A5C9A05F22E9EFF0005443D4 /* SeparateChainingHashST.swift */ = {isa = PBXFileReference; lastKnownFileType = sourcecode.swift; path = SeparateChainingHashST.swift; sourceTree = "<group>"; };
		A5C9A06122EF356B005443D4 /* LinkedGraph.swift */ = {isa = PBXFileReference; lastKnownFileType = sourcecode.swift; path = LinkedGraph.swift; sourceTree = "<group>"; };
		A5C9A06322F0804B005443D4 /* Digraph.swift */ = {isa = PBXFileReference; fileEncoding = 4; lastKnownFileType = sourcecode.swift; path = Digraph.swift; sourceTree = "<group>"; };
		A5C9A06522F08059005443D4 /* MaxPQ.swift */ = {isa = PBXFileReference; fileEncoding = 4; lastKnownFileType = sourcecode.swift; path = MaxPQ.swift; sourceTree = "<group>"; };
		A5C9A06622F08059005443D4 /* MinPQ.swift */ = {isa = PBXFileReference; fileEncoding = 4; lastKnownFileType = sourcecode.swift; path = MinPQ.swift; sourceTree = "<group>"; };
		A5C9A06922F080C2005443D4 /* EdgeWeightGraph.swift */ = {isa = PBXFileReference; lastKnownFileType = sourcecode.swift; path = EdgeWeightGraph.swift; sourceTree = "<group>"; };
		A5C9A06B22F084A0005443D4 /* Prime.swift */ = {isa = PBXFileReference; lastKnownFileType = sourcecode.swift; path = Prime.swift; sourceTree = "<group>"; };
		A5C9A06F22F1CFD4005443D4 /* IndexMinPQ.swift */ = {isa = PBXFileReference; fileEncoding = 4; lastKnownFileType = sourcecode.swift; path = IndexMinPQ.swift; sourceTree = "<group>"; };
		A5C9A07022F1CFD4005443D4 /* IndexMaxPQ.swift */ = {isa = PBXFileReference; fileEncoding = 4; lastKnownFileType = sourcecode.swift; path = IndexMaxPQ.swift; sourceTree = "<group>"; };
		A5C9A07522F1D612005443D4 /* EdgeWeightDigraph.swift */ = {isa = PBXFileReference; lastKnownFileType = sourcecode.swift; name = EdgeWeightDigraph.swift; path = /Users/chenjiannan/Desktop/LeetCode/LeetCode/DataStruct/Graph/EdgeWeightDigraph.swift; sourceTree = "<absolute>"; };
		A5C9A07722F1D615005443D4 /* Dijkstra.swift */ = {isa = PBXFileReference; lastKnownFileType = sourcecode.swift; name = Dijkstra.swift; path = /Users/chenjiannan/Desktop/LeetCode/LeetCode/DataStruct/Graph/Dijkstra.swift; sourceTree = "<absolute>"; };
		A5C9DCA92351B23A002188EA /* 01-MinStack.swift */ = {isa = PBXFileReference; lastKnownFileType = sourcecode.swift; path = "01-MinStack.swift"; sourceTree = "<group>"; };
		A5C9DCAB2351B43A002188EA /* 02-StackQueue.swift */ = {isa = PBXFileReference; lastKnownFileType = sourcecode.swift; path = "02-StackQueue.swift"; sourceTree = "<group>"; };
		A5C9DCAD2351B71E002188EA /* 03-StackSort.swift */ = {isa = PBXFileReference; lastKnownFileType = sourcecode.swift; path = "03-StackSort.swift"; sourceTree = "<group>"; };
		A5C9DCAF2351BC35002188EA /* 04-WindowMaxValue.swift */ = {isa = PBXFileReference; lastKnownFileType = sourcecode.swift; path = "04-WindowMaxValue.swift"; sourceTree = "<group>"; };
		A5D42751234DC5E5003B5549 /* 02-Rotate.swift */ = {isa = PBXFileReference; lastKnownFileType = sourcecode.swift; path = "02-Rotate.swift"; sourceTree = "<group>"; };
		A5D42753234DD0A2003B5549 /* 03-Zhi.swift */ = {isa = PBXFileReference; lastKnownFileType = sourcecode.swift; path = "03-Zhi.swift"; sourceTree = "<group>"; };
		A5D42755234DD8F0003B5549 /* 04-MinK.swift */ = {isa = PBXFileReference; lastKnownFileType = sourcecode.swift; path = "04-MinK.swift"; sourceTree = "<group>"; };
		A5D42757234EDE82003B5549 /* 05-MinLength.swift */ = {isa = PBXFileReference; lastKnownFileType = sourcecode.swift; path = "05-MinLength.swift"; sourceTree = "<group>"; };
		A5D42759234F0241003B5549 /* 06-MoreHalfTimes.swift */ = {isa = PBXFileReference; lastKnownFileType = sourcecode.swift; path = "06-MoreHalfTimes.swift"; sourceTree = "<group>"; };
		A5D4275B234F06FB003B5549 /* 07-MatrixValue.swift */ = {isa = PBXFileReference; lastKnownFileType = sourcecode.swift; path = "07-MatrixValue.swift"; sourceTree = "<group>"; };
		A5D4275D234F0BD5003B5549 /* 08-MaxCombinedArray.swift */ = {isa = PBXFileReference; lastKnownFileType = sourcecode.swift; path = "08-MaxCombinedArray.swift"; sourceTree = "<group>"; };
		A5D4275F234F137A003B5549 /* 09-UniquePrint.swift */ = {isa = PBXFileReference; lastKnownFileType = sourcecode.swift; path = "09-UniquePrint.swift"; sourceTree = "<group>"; };
		A5D42761234F2384003B5549 /* 10-MaxLength.swift */ = {isa = PBXFileReference; lastKnownFileType = sourcecode.swift; path = "10-MaxLength.swift"; sourceTree = "<group>"; };
		A5D42763235017AA003B5549 /* 11-CustomSort.swift */ = {isa = PBXFileReference; lastKnownFileType = sourcecode.swift; path = "11-CustomSort.swift"; sourceTree = "<group>"; };
		A5D4276523502693003B5549 /* 12-OddEven.swift */ = {isa = PBXFileReference; lastKnownFileType = sourcecode.swift; path = "12-OddEven.swift"; sourceTree = "<group>"; };
		A5D4276723502ED1003B5549 /* 13-MaxSum.swift */ = {isa = PBXFileReference; lastKnownFileType = sourcecode.swift; path = "13-MaxSum.swift"; sourceTree = "<group>"; };
		A5D427692350516E003B5549 /* 14-PartMin.swift */ = {isa = PBXFileReference; lastKnownFileType = sourcecode.swift; path = "14-PartMin.swift"; sourceTree = "<group>"; };
		A5D4276B23505811003B5549 /* 15-MultipyValue.swift */ = {isa = PBXFileReference; lastKnownFileType = sourcecode.swift; path = "15-MultipyValue.swift"; sourceTree = "<group>"; };
		A5D4276D23505A36003B5549 /* 16-Partition.swift */ = {isa = PBXFileReference; lastKnownFileType = sourcecode.swift; path = "16-Partition.swift"; sourceTree = "<group>"; };
		A5D4276F235074B3003B5549 /* 17-MinNumber.swift */ = {isa = PBXFileReference; lastKnownFileType = sourcecode.swift; path = "17-MinNumber.swift"; sourceTree = "<group>"; };
		A5D7D84622A4B8260024159D /* MajorityElement.swift */ = {isa = PBXFileReference; lastKnownFileType = sourcecode.swift; path = MajorityElement.swift; sourceTree = "<group>"; };
		A5D7D84822A4BE410024159D /* MajorityElement II.swift */ = {isa = PBXFileReference; lastKnownFileType = sourcecode.swift; path = "MajorityElement II.swift"; sourceTree = "<group>"; };
		A5D7D84A22A4E98E0024159D /* Intersection of Two Arrays.swift */ = {isa = PBXFileReference; lastKnownFileType = sourcecode.swift; path = "Intersection of Two Arrays.swift"; sourceTree = "<group>"; };
		A5D7D84C22A4ECFE0024159D /* Intersection of Two Arrays II.swift */ = {isa = PBXFileReference; lastKnownFileType = sourcecode.swift; path = "Intersection of Two Arrays II.swift"; sourceTree = "<group>"; };
		A5D7D84E22A5218B0024159D /* Contains Duplicate.swift */ = {isa = PBXFileReference; lastKnownFileType = sourcecode.swift; path = "Contains Duplicate.swift"; sourceTree = "<group>"; };
		A5D7D85022A522FE0024159D /* Contains Duplicate II.swift */ = {isa = PBXFileReference; lastKnownFileType = sourcecode.swift; path = "Contains Duplicate II.swift"; sourceTree = "<group>"; };
		A5D9E64E22A696B300C6C9AE /* Binary Search Tree.swift */ = {isa = PBXFileReference; lastKnownFileType = sourcecode.swift; path = "Binary Search Tree.swift"; sourceTree = "<group>"; };
/* End PBXFileReference section */

/* Begin PBXFrameworksBuildPhase section */
		A576E7C3229FA83D00D04C93 /* Frameworks */ = {
			isa = PBXFrameworksBuildPhase;
			buildActionMask = 2147483647;
			files = (
			);
			runOnlyForDeploymentPostprocessing = 0;
		};
		A576E7D7229FA83F00D04C93 /* Frameworks */ = {
			isa = PBXFrameworksBuildPhase;
			buildActionMask = 2147483647;
			files = (
			);
			runOnlyForDeploymentPostprocessing = 0;
		};
		A576E7E2229FA83F00D04C93 /* Frameworks */ = {
			isa = PBXFrameworksBuildPhase;
			buildActionMask = 2147483647;
			files = (
			);
			runOnlyForDeploymentPostprocessing = 0;
		};
/* End PBXFrameworksBuildPhase section */

/* Begin PBXGroup section */
		A5087C3822BDF07100C00C6D /* Heap */ = {
			isa = PBXGroup;
			children = (
				A5C9A07022F1CFD4005443D4 /* IndexMaxPQ.swift */,
				A5C9A06F22F1CFD4005443D4 /* IndexMinPQ.swift */,
				A5C9A06522F08059005443D4 /* MaxPQ.swift */,
				A5C9A06622F08059005443D4 /* MinPQ.swift */,
				A5087C3422BA516E00C00C6D /* Heap.swift */,
			);
			path = Heap;
			sourceTree = "<group>";
		};
		A5087C3922BDF07A00C00C6D /* Graph */ = {
			isa = PBXGroup;
			children = (
				A5C9A07722F1D615005443D4 /* Dijkstra.swift */,
				A5C9A07522F1D612005443D4 /* EdgeWeightDigraph.swift */,
				A5C9A06322F0804B005443D4 /* Digraph.swift */,
				A5087C3A22BDF08E00C00C6D /* Graph.swift */,
				A5C9A06122EF356B005443D4 /* LinkedGraph.swift */,
				A5C9A06922F080C2005443D4 /* EdgeWeightGraph.swift */,
				A5C9A06B22F084A0005443D4 /* Prime.swift */,
			);
			path = Graph;
			sourceTree = "<group>";
		};
		A5087C3D22BF5D7900C00C6D /* String */ = {
			isa = PBXGroup;
			children = (
				A5087C3E22BF5D8600C00C6D /* String.swift */,
			);
			path = String;
			sourceTree = "<group>";
		};
		A5087C4022D034C800C00C6D /* Stack */ = {
			isa = PBXGroup;
			children = (
				A5087C4122D034C800C00C6D /* Stack.swift */,
				A5087C4222D034C800C00C6D /* Remove All Adjacent Duplicates In String.swift */,
				A5087C4322D034C800C00C6D /* RemoveDuplicateLetters.swift */,
				A5087C4422D034C800C00C6D /* Backspace String Compare.swift */,
				A5087C4522D034C800C00C6D /* Longest Valid Parentheses.swift */,
				A5087C4622D034C800C00C6D /* NextGreaterElement.swift */,
				A5087C4722D034C800C00C6D /* Valid Parentheses.swift */,
			);
			path = Stack;
			sourceTree = "<group>";
		};
		A5087C4822D034C900C00C6D /* Linked List */ = {
			isa = PBXGroup;
			children = (
				A5087C4922D034C900C00C6D /* Reverse Linked List.swift */,
				A5087C4A22D034C900C00C6D /* Odd Even Linked List.swift */,
				A5087C4B22D034C900C00C6D /* Merge Two Sorted Lists.swift */,
				A5087C4C22D034C900C00C6D /* Remove Duplicates from Sorted List II.swift */,
				A5087C4D22D034C900C00C6D /* Remove Linked List Elements.swift */,
				A5087C4E22D034C900C00C6D /* Remove Nth Node From End of List.swift */,
				A5087C4F22D034C900C00C6D /* Linked List.swift */,
				A5087C5022D034C900C00C6D /* Swap Nodes in Pairs.swift */,
			);
			path = "Linked List";
			sourceTree = "<group>";
		};
		A5254D37234DB21800BD57C2 /* Code */ = {
			isa = PBXGroup;
			children = (
				A5701073235D579400476569 /* 03-Tree */,
				A5C9DCB12351C1D0002188EA /* 02-LinkedList */,
				A5C9DCA82351B1E1002188EA /* 01-Stack & Queue */,
				A5254D38234DB22100BD57C2 /* 08-Array */,
			);
			path = Code;
			sourceTree = "<group>";
		};
		A5254D38234DB22100BD57C2 /* 08-Array */ = {
			isa = PBXGroup;
			children = (
				A5254D39234DB29E00BD57C2 /* 01-Matrix.swift */,
				A5D42751234DC5E5003B5549 /* 02-Rotate.swift */,
				A5D42753234DD0A2003B5549 /* 03-Zhi.swift */,
				A5D42755234DD8F0003B5549 /* 04-MinK.swift */,
				A5D42757234EDE82003B5549 /* 05-MinLength.swift */,
				A5D42759234F0241003B5549 /* 06-MoreHalfTimes.swift */,
				A5D4275B234F06FB003B5549 /* 07-MatrixValue.swift */,
				A5D4275D234F0BD5003B5549 /* 08-MaxCombinedArray.swift */,
				A5D4275F234F137A003B5549 /* 09-UniquePrint.swift */,
				A5D42761234F2384003B5549 /* 10-MaxLength.swift */,
				A5D42763235017AA003B5549 /* 11-CustomSort.swift */,
				A5D4276523502693003B5549 /* 12-OddEven.swift */,
				A5D4276723502ED1003B5549 /* 13-MaxSum.swift */,
				A5D427692350516E003B5549 /* 14-PartMin.swift */,
				A5D4276B23505811003B5549 /* 15-MultipyValue.swift */,
				A5D4276D23505A36003B5549 /* 16-Partition.swift */,
				A5D4276F235074B3003B5549 /* 17-MinNumber.swift */,
			);
			path = "08-Array";
			sourceTree = "<group>";
		};
		A5701073235D579400476569 /* 03-Tree */ = {
			isa = PBXGroup;
			children = (
			);
			path = "03-Tree";
			sourceTree = "<group>";
		};
		A576E7BD229FA83D00D04C93 = {
			isa = PBXGroup;
			children = (
				A576E7C8229FA83D00D04C93 /* LeetCode */,
				A576E7DD229FA83F00D04C93 /* LeetCodeTests */,
				A576E7E8229FA83F00D04C93 /* LeetCodeUITests */,
				A576E7C7229FA83D00D04C93 /* Products */,
			);
			sourceTree = "<group>";
		};
		A576E7C7229FA83D00D04C93 /* Products */ = {
			isa = PBXGroup;
			children = (
				A576E7C6229FA83D00D04C93 /* LeetCode.app */,
				A576E7DA229FA83F00D04C93 /* LeetCodeTests.xctest */,
				A576E7E5229FA83F00D04C93 /* LeetCodeUITests.xctest */,
			);
			name = Products;
			sourceTree = "<group>";
		};
		A576E7C8229FA83D00D04C93 /* LeetCode */ = {
			isa = PBXGroup;
			children = (
				A5254D37234DB21800BD57C2 /* Code */,
				A5C9A03222D37538005443D4 /* Algorithm */,
				A5D9E64C22A6968B00C6C9AE /* DataStruct */,
				A576E7C9229FA83D00D04C93 /* AppDelegate.swift */,
				A576E7CB229FA83D00D04C93 /* ViewController.swift */,
				A576E7CD229FA83D00D04C93 /* Main.storyboard */,
				A576E7D0229FA83F00D04C93 /* Assets.xcassets */,
				A576E7D2229FA83F00D04C93 /* LaunchScreen.storyboard */,
				A576E7D5229FA83F00D04C93 /* Info.plist */,
			);
			path = LeetCode;
			sourceTree = "<group>";
		};
		A576E7DD229FA83F00D04C93 /* LeetCodeTests */ = {
			isa = PBXGroup;
			children = (
				A576E7DE229FA83F00D04C93 /* LeetCodeTests.swift */,
				A576E7E0229FA83F00D04C93 /* Info.plist */,
			);
			path = LeetCodeTests;
			sourceTree = "<group>";
		};
		A576E7E8229FA83F00D04C93 /* LeetCodeUITests */ = {
			isa = PBXGroup;
			children = (
				A576E7E9229FA83F00D04C93 /* LeetCodeUITests.swift */,
				A576E7EB229FA83F00D04C93 /* Info.plist */,
			);
			path = LeetCodeUITests;
			sourceTree = "<group>";
		};
		A576E7F7229FB2AF00D04C93 /* Array */ = {
			isa = PBXGroup;
			children = (
				A576E7F8229FB2C800D04C93 /* TwoSum.swift */,
				A576E7FA229FB92300D04C93 /* Sort Array By Parity.swift */,
				A576E7FC229FC71F00D04C93 /* Max Consecutive Ones.swift */,
				A53A818722A0F8E70061BE20 /* Heaters.swift */,
				A53A818922A11DF00061BE20 /* Number of Boomerangs.swift */,
				A53A818B22A12B0F0061BE20 /* Island Perimeter.swift */,
				A5D7D84622A4B8260024159D /* MajorityElement.swift */,
				A5D7D84822A4BE410024159D /* MajorityElement II.swift */,
				A5D7D84A22A4E98E0024159D /* Intersection of Two Arrays.swift */,
				A5D7D84C22A4ECFE0024159D /* Intersection of Two Arrays II.swift */,
				A5D7D84E22A5218B0024159D /* Contains Duplicate.swift */,
				A5D7D85022A522FE0024159D /* Contains Duplicate II.swift */,
				A50C7F2022A60850007FE443 /* Remove Duplicates from Sorted Array.swift */,
				A50C7F2222A64158007FE443 /* Remove Duplicates from Sorted Array II.swift */,
				A50C7F2422A650C7007FE443 /* Move Zeroes.swift */,
				A50C7F2622A65C88007FE443 /* Remove Element.swift */,
				A5C609BC22A756D5002708DF /* 3Sum.swift */,
				A5C609BE22A769BC002708DF /* 3Sum Closest.swift */,
				A5C609C022A7BF94002708DF /* 4Sum.swift */,
			);
			path = Array;
			sourceTree = "<group>";
		};
		A5851CB2230B70E4002EE81B /* DFS */ = {
			isa = PBXGroup;
			children = (
				A5BF3B6323142A1000D2BDC5 /* Combination Sum II.swift */,
				A5BF3B6623142A1000D2BDC5 /* Combination Sum III.swift */,
				A5BF3B6923142A1000D2BDC5 /* Combination Sum.swift */,
				A5BF3B6823142A1000D2BDC5 /* Combinations.swift */,
				A5BF3B6723142A1000D2BDC5 /* Palindrome Partitioning.swift */,
				A5BF3B6423142A1000D2BDC5 /* Permutationsii.swift */,
				A5BF3B6A23142A1000D2BDC5 /* Subsets.swift */,
				A5BF3B6B23142A1000D2BDC5 /* Subsetsii.swift */,
				A5851CB3230B7253002EE81B /* Permutations.swift */,
			);
			path = DFS;
			sourceTree = "<group>";
		};
		A5BF3B5A2314169700D2BDC5 /* DP */ = {
			isa = PBXGroup;
			children = (
				A5BF3B5B2314169700D2BDC5 /* Min-Cost-Climbing-Stairs.swift */,
				A5BF3B5C2314169700D2BDC5 /* Climbing Stairs.swift */,
				A5BF3B5D2314169700D2BDC5 /* Unique Paths.swift */,
				A5BF3B612314172F00D2BDC5 /* Unique Paths ii.swift */,
				A5BF3B7523156A9E00D2BDC5 /* Best Time to Buy and Sell Stock.swift */,
				A5BF3B7723156FA000D2BDC5 /* Best Time to Buy and Sell Stock II.swift */,
				A5BF3B792315711800D2BDC5 /* Best Time to Buy and Sell Stock III.swift */,
				A5BF3B7B2316BCC500D2BDC5 /* Coin Change.swift */,
				A5BF3B7D2316C47D00D2BDC5 /* Longest Increasing Subsequence.swift */,
				A5BF3B7F2316CB7E00D2BDC5 /* Longest Palindromic Substring.swift */,
			);
			path = DP;
			sourceTree = "<group>";
		};
		A5C9A03222D37538005443D4 /* Algorithm */ = {
			isa = PBXGroup;
			children = (
				A5BF3B5A2314169700D2BDC5 /* DP */,
				A5851CB2230B70E4002EE81B /* DFS */,
				A5C9A04222E09B1A005443D4 /* BinarySearch */,
				A5C9A04122E09B0F005443D4 /* Sort */,
			);
			path = Algorithm;
			sourceTree = "<group>";
		};
		A5C9A04122E09B0F005443D4 /* Sort */ = {
			isa = PBXGroup;
			children = (
				A5C9A03322D37577005443D4 /* Sort.swift */,
				A5C9A03522DCA581005443D4 /* SortArrayByParityII.swift */,
				A5C9A03722DCB185005443D4 /* Intersection.swift */,
				A5C9A03922DCB7EA005443D4 /* Valid Anagram.swift */,
				A5C9A03B22DCC509005443D4 /* Sort Colors.swift */,
			);
			path = Sort;
			sourceTree = "<group>";
		};
		A5C9A04222E09B1A005443D4 /* BinarySearch */ = {
			isa = PBXGroup;
			children = (
				A5C9A04622E09B38005443D4 /* Binary Search.swift */,
				A5C9A04422E09B38005443D4 /* Find Peak Element.swift */,
				A5C9A04922E09B39005443D4 /* Find Smallest Letter Greater Than Target.swift */,
				A5C9A04A22E09B39005443D4 /* Find the Duplicate Number.swift */,
				A5C9A04322E09B38005443D4 /* Kth Smallest Element in a Sorted Matrix.swift */,
				A5C9A04522E09B38005443D4 /* PeakIndexinaMountainArray.swift */,
				A5C9A04822E09B39005443D4 /* Search Insert Position.swift */,
				A5C9A04722E09B38005443D4 /* Sqrt.swift */,
			);
			path = BinarySearch;
			sourceTree = "<group>";
		};
		A5C9A05A22E9DF8B005443D4 /* Hash */ = {
			isa = PBXGroup;
			children = (
				A5C9A05B22E9DFBC005443D4 /* LinearProbingHashST.swift */,
				A5C9A05D22E9EACE005443D4 /* SequentialSearchST.swift */,
				A5C9A05F22E9EFF0005443D4 /* SeparateChainingHashST.swift */,
			);
			path = Hash;
			sourceTree = "<group>";
		};
		A5C9DCA82351B1E1002188EA /* 01-Stack & Queue */ = {
			isa = PBXGroup;
			children = (
				A5C9DCA92351B23A002188EA /* 01-MinStack.swift */,
				A5C9DCAB2351B43A002188EA /* 02-StackQueue.swift */,
				A5C9DCAD2351B71E002188EA /* 03-StackSort.swift */,
				A5C9DCAF2351BC35002188EA /* 04-WindowMaxValue.swift */,
			);
			path = "01-Stack & Queue";
			sourceTree = "<group>";
		};
		A5C9DCB12351C1D0002188EA /* 02-LinkedList */ = {
			isa = PBXGroup;
			children = (
				A58C327B23541598008AE5CE /* 01-SamePart.swift */,
				A58C327D23541979008AE5CE /* 02-RemoveNode.swift */,
				A58C327F23544881008AE5CE /* 03-JosephusKill.swift */,
				A58C328123544E5F008AE5CE /* 04-Palindromic.swift */,
				A58C32832354570C008AE5CE /* 05-AddSum.swift */,
				A58C328523546C01008AE5CE /* 06-KReverse.swift */,
				A5A9062E23555EC100246464 /* 07-Exercise.swift */,
			);
			path = "02-LinkedList";
			sourceTree = "<group>";
		};
		A5D9E64C22A6968B00C6C9AE /* DataStruct */ = {
			isa = PBXGroup;
			children = (
				A5C9A05A22E9DF8B005443D4 /* Hash */,
				A576E7F7229FB2AF00D04C93 /* Array */,
				A5087C4822D034C900C00C6D /* Linked List */,
				A5087C4022D034C800C00C6D /* Stack */,
				A5087C3D22BF5D7900C00C6D /* String */,
				A5087C3922BDF07A00C00C6D /* Graph */,
				A5087C3822BDF07100C00C6D /* Heap */,
				A5D9E64D22A6969E00C6C9AE /* Tree */,
			);
			path = DataStruct;
			sourceTree = "<group>";
		};
		A5D9E64D22A6969E00C6C9AE /* Tree */ = {
			isa = PBXGroup;
			children = (
				A5C9A05322E09B84005443D4 /* Tree.swift */,
				A5D9E64E22A696B300C6C9AE /* Binary Search Tree.swift */,
				A5087C3622BA81B500C00C6D /* AVLTree.swift */,
				A5C9A05622E7491D005443D4 /* BST.swift */,
				A5C9A05822E89CFC005443D4 /* RedBlackBST.swift */,
			);
			path = Tree;
			sourceTree = "<group>";
		};
/* End PBXGroup section */

/* Begin PBXNativeTarget section */
		A576E7C5229FA83D00D04C93 /* LeetCode */ = {
			isa = PBXNativeTarget;
			buildConfigurationList = A576E7EE229FA83F00D04C93 /* Build configuration list for PBXNativeTarget "LeetCode" */;
			buildPhases = (
				A576E7C2229FA83D00D04C93 /* Sources */,
				A576E7C3229FA83D00D04C93 /* Frameworks */,
				A576E7C4229FA83D00D04C93 /* Resources */,
			);
			buildRules = (
			);
			dependencies = (
			);
			name = LeetCode;
			productName = LeetCode;
			productReference = A576E7C6229FA83D00D04C93 /* LeetCode.app */;
			productType = "com.apple.product-type.application";
		};
		A576E7D9229FA83F00D04C93 /* LeetCodeTests */ = {
			isa = PBXNativeTarget;
			buildConfigurationList = A576E7F1229FA83F00D04C93 /* Build configuration list for PBXNativeTarget "LeetCodeTests" */;
			buildPhases = (
				A576E7D6229FA83F00D04C93 /* Sources */,
				A576E7D7229FA83F00D04C93 /* Frameworks */,
				A576E7D8229FA83F00D04C93 /* Resources */,
			);
			buildRules = (
			);
			dependencies = (
				A576E7DC229FA83F00D04C93 /* PBXTargetDependency */,
			);
			name = LeetCodeTests;
			productName = LeetCodeTests;
			productReference = A576E7DA229FA83F00D04C93 /* LeetCodeTests.xctest */;
			productType = "com.apple.product-type.bundle.unit-test";
		};
		A576E7E4229FA83F00D04C93 /* LeetCodeUITests */ = {
			isa = PBXNativeTarget;
			buildConfigurationList = A576E7F4229FA83F00D04C93 /* Build configuration list for PBXNativeTarget "LeetCodeUITests" */;
			buildPhases = (
				A576E7E1229FA83F00D04C93 /* Sources */,
				A576E7E2229FA83F00D04C93 /* Frameworks */,
				A576E7E3229FA83F00D04C93 /* Resources */,
			);
			buildRules = (
			);
			dependencies = (
				A576E7E7229FA83F00D04C93 /* PBXTargetDependency */,
			);
			name = LeetCodeUITests;
			productName = LeetCodeUITests;
			productReference = A576E7E5229FA83F00D04C93 /* LeetCodeUITests.xctest */;
			productType = "com.apple.product-type.bundle.ui-testing";
		};
/* End PBXNativeTarget section */

/* Begin PBXProject section */
		A576E7BE229FA83D00D04C93 /* Project object */ = {
			isa = PBXProject;
			attributes = {
				LastSwiftUpdateCheck = 1010;
				LastUpgradeCheck = 1010;
				ORGANIZATIONNAME = gkoudai;
				TargetAttributes = {
					A576E7C5229FA83D00D04C93 = {
						CreatedOnToolsVersion = 10.1;
					};
					A576E7D9229FA83F00D04C93 = {
						CreatedOnToolsVersion = 10.1;
						TestTargetID = A576E7C5229FA83D00D04C93;
					};
					A576E7E4229FA83F00D04C93 = {
						CreatedOnToolsVersion = 10.1;
						TestTargetID = A576E7C5229FA83D00D04C93;
					};
				};
			};
			buildConfigurationList = A576E7C1229FA83D00D04C93 /* Build configuration list for PBXProject "LeetCode" */;
			compatibilityVersion = "Xcode 9.3";
			developmentRegion = en;
			hasScannedForEncodings = 0;
			knownRegions = (
				en,
				Base,
			);
			mainGroup = A576E7BD229FA83D00D04C93;
			productRefGroup = A576E7C7229FA83D00D04C93 /* Products */;
			projectDirPath = "";
			projectRoot = "";
			targets = (
				A576E7C5229FA83D00D04C93 /* LeetCode */,
				A576E7D9229FA83F00D04C93 /* LeetCodeTests */,
				A576E7E4229FA83F00D04C93 /* LeetCodeUITests */,
			);
		};
/* End PBXProject section */

/* Begin PBXResourcesBuildPhase section */
		A576E7C4229FA83D00D04C93 /* Resources */ = {
			isa = PBXResourcesBuildPhase;
			buildActionMask = 2147483647;
			files = (
				A576E7D4229FA83F00D04C93 /* LaunchScreen.storyboard in Resources */,
				A576E7D1229FA83F00D04C93 /* Assets.xcassets in Resources */,
				A576E7CF229FA83D00D04C93 /* Main.storyboard in Resources */,
			);
			runOnlyForDeploymentPostprocessing = 0;
		};
		A576E7D8229FA83F00D04C93 /* Resources */ = {
			isa = PBXResourcesBuildPhase;
			buildActionMask = 2147483647;
			files = (
			);
			runOnlyForDeploymentPostprocessing = 0;
		};
		A576E7E3229FA83F00D04C93 /* Resources */ = {
			isa = PBXResourcesBuildPhase;
			buildActionMask = 2147483647;
			files = (
			);
			runOnlyForDeploymentPostprocessing = 0;
		};
/* End PBXResourcesBuildPhase section */

/* Begin PBXSourcesBuildPhase section */
		A576E7C2229FA83D00D04C93 /* Sources */ = {
			isa = PBXSourcesBuildPhase;
			buildActionMask = 2147483647;
			files = (
				A5D7D84F22A5218B0024159D /* Contains Duplicate.swift in Sources */,
				A5BF3B7E2316C47D00D2BDC5 /* Longest Increasing Subsequence.swift in Sources */,
				A5D4275A234F0241003B5549 /* 06-MoreHalfTimes.swift in Sources */,
				A5087C5822D034C900C00C6D /* Reverse Linked List.swift in Sources */,
				A576E7FB229FB92400D04C93 /* Sort Array By Parity.swift in Sources */,
				A5C9A07122F1CFD4005443D4 /* IndexMinPQ.swift in Sources */,
				A5087C5222D034C900C00C6D /* Remove All Adjacent Duplicates In String.swift in Sources */,
				A5D4276E23505A36003B5549 /* 16-Partition.swift in Sources */,
				A5D42754234DD0A2003B5549 /* 03-Zhi.swift in Sources */,
				A5C9A05122E09B39005443D4 /* Find Smallest Letter Greater Than Target.swift in Sources */,
				A5C9A07222F1CFD4005443D4 /* IndexMaxPQ.swift in Sources */,
				A5C9A05722E7491D005443D4 /* BST.swift in Sources */,
				A5D42760234F137A003B5549 /* 09-UniquePrint.swift in Sources */,
				A5851CB4230B7253002EE81B /* Permutations.swift in Sources */,
				A5C609BF22A769BC002708DF /* 3Sum Closest.swift in Sources */,
				A5BF3B7023142A1000D2BDC5 /* Palindrome Partitioning.swift in Sources */,
				A5087C5322D034C900C00C6D /* RemoveDuplicateLetters.swift in Sources */,
				A5D7D84722A4B8260024159D /* MajorityElement.swift in Sources */,
				A5BF3B7323142A1000D2BDC5 /* Subsets.swift in Sources */,
				A5C9A05922E89CFC005443D4 /* RedBlackBST.swift in Sources */,
				A5BF3B7C2316BCC500D2BDC5 /* Coin Change.swift in Sources */,
				A5D42764235017AA003B5549 /* 11-CustomSort.swift in Sources */,
				A5C9A04B22E09B39005443D4 /* Kth Smallest Element in a Sorted Matrix.swift in Sources */,
				A5087C5622D034C900C00C6D /* NextGreaterElement.swift in Sources */,
				A5D42752234DC5E5003B5549 /* 02-Rotate.swift in Sources */,
				A5087C5722D034C900C00C6D /* Valid Parentheses.swift in Sources */,
				A5BF3B7A2315711800D2BDC5 /* Best Time to Buy and Sell Stock III.swift in Sources */,
				A5087C3522BA516E00C00C6D /* Heap.swift in Sources */,
				A5087C5C22D034C900C00C6D /* Remove Linked List Elements.swift in Sources */,
				A5C9A03422D37577005443D4 /* Sort.swift in Sources */,
				A5C9A03822DCB185005443D4 /* Intersection.swift in Sources */,
				A5BF3B802316CB7E00D2BDC5 /* Longest Palindromic Substring.swift in Sources */,
				A5C9A07822F1D616005443D4 /* Dijkstra.swift in Sources */,
				A576E7CC229FA83D00D04C93 /* ViewController.swift in Sources */,
				A5C9A06A22F080C2005443D4 /* EdgeWeightGraph.swift in Sources */,
				A5C9A06C22F084A0005443D4 /* Prime.swift in Sources */,
				A5C9A03C22DCC509005443D4 /* Sort Colors.swift in Sources */,
				A5087C5422D034C900C00C6D /* Backspace String Compare.swift in Sources */,
				A5BF3B6D23142A1000D2BDC5 /* Permutationsii.swift in Sources */,
				A5087C5522D034C900C00C6D /* Longest Valid Parentheses.swift in Sources */,
				A5D4276623502693003B5549 /* 12-OddEven.swift in Sources */,
				A5D42770235074B3003B5549 /* 17-MinNumber.swift in Sources */,
				A53A818C22A12B0F0061BE20 /* Island Perimeter.swift in Sources */,
				A5C9A05422E09B84005443D4 /* Tree.swift in Sources */,
				A5C9A04C22E09B39005443D4 /* Find Peak Element.swift in Sources */,
				A5D4275E234F0BD5003B5549 /* 08-MaxCombinedArray.swift in Sources */,
				A5C9A06022E9EFF0005443D4 /* SeparateChainingHashST.swift in Sources */,
				A5C9A03622DCA581005443D4 /* SortArrayByParityII.swift in Sources */,
				A5BF3B7623156A9E00D2BDC5 /* Best Time to Buy and Sell Stock.swift in Sources */,
				A5C9A06222EF356B005443D4 /* LinkedGraph.swift in Sources */,
				A5BF3B7423142A1000D2BDC5 /* Subsetsii.swift in Sources */,
				A5D42756234DD8F0003B5549 /* 04-MinK.swift in Sources */,
				A58C328223544E5F008AE5CE /* 04-Palindromic.swift in Sources */,
				A5087C5F22D034C900C00C6D /* Swap Nodes in Pairs.swift in Sources */,
				A5D7D84D22A4ECFE0024159D /* Intersection of Two Arrays II.swift in Sources */,
				A5C9A04E22E09B39005443D4 /* Binary Search.swift in Sources */,
				A5087C5922D034C900C00C6D /* Odd Even Linked List.swift in Sources */,
				A50C7F2522A650C7007FE443 /* Move Zeroes.swift in Sources */,
				A5BF3B622314172F00D2BDC5 /* Unique Paths ii.swift in Sources */,
				A5A9062F23555EC100246464 /* 07-Exercise.swift in Sources */,
				A5BF3B6F23142A1000D2BDC5 /* Combination Sum III.swift in Sources */,
				A5D4275C234F06FB003B5549 /* 07-MatrixValue.swift in Sources */,
				A50C7F2122A60850007FE443 /* Remove Duplicates from Sorted Array.swift in Sources */,
				A5087C5122D034C900C00C6D /* Stack.swift in Sources */,
				A5D7D84922A4BE410024159D /* MajorityElement II.swift in Sources */,
				A5087C3722BA81B500C00C6D /* AVLTree.swift in Sources */,
				A5C609BD22A756D5002708DF /* 3Sum.swift in Sources */,
				A5C9A05E22E9EACE005443D4 /* SequentialSearchST.swift in Sources */,
				A5087C5E22D034C900C00C6D /* Linked List.swift in Sources */,
				A5254D3A234DB29F00BD57C2 /* 01-Matrix.swift in Sources */,
				A5BF3B7123142A1000D2BDC5 /* Combinations.swift in Sources */,
				A53A818822A0F8E70061BE20 /* Heaters.swift in Sources */,
				A5D4276C23505811003B5549 /* 15-MultipyValue.swift in Sources */,
				A5087C3F22BF5D8600C00C6D /* String.swift in Sources */,
				A5D42758234EDE82003B5549 /* 05-MinLength.swift in Sources */,
				A5087C3B22BDF08E00C00C6D /* Graph.swift in Sources */,
				A5BF3B7823156FA000D2BDC5 /* Best Time to Buy and Sell Stock II.swift in Sources */,
				A5087C5A22D034C900C00C6D /* Merge Two Sorted Lists.swift in Sources */,
				A5C9DCAC2351B43A002188EA /* 02-StackQueue.swift in Sources */,
				A5C9A06822F08059005443D4 /* MinPQ.swift in Sources */,
				A5D4276823502ED1003B5549 /* 13-MaxSum.swift in Sources */,
				A5C9DCAA2351B23A002188EA /* 01-MinStack.swift in Sources */,
				A5BF3B602314169800D2BDC5 /* Unique Paths.swift in Sources */,
				A5C9A03A22DCB7EA005443D4 /* Valid Anagram.swift in Sources */,
				A58C328023544881008AE5CE /* 03-JosephusKill.swift in Sources */,
				A5BF3B6C23142A1000D2BDC5 /* Combination Sum II.swift in Sources */,
				A5087C5D22D034C900C00C6D /* Remove Nth Node From End of List.swift in Sources */,
				A50C7F2322A64158007FE443 /* Remove Duplicates from Sorted Array II.swift in Sources */,
				A5C9A06722F08059005443D4 /* MaxPQ.swift in Sources */,
				A5C9A04D22E09B39005443D4 /* PeakIndexinaMountainArray.swift in Sources */,
				A5D7D85122A522FE0024159D /* Contains Duplicate II.swift in Sources */,
				A58C328623546C01008AE5CE /* 06-KReverse.swift in Sources */,
				A5BF3B5E2314169800D2BDC5 /* Min-Cost-Climbing-Stairs.swift in Sources */,
				A5D7D84B22A4E98E0024159D /* Intersection of Two Arrays.swift in Sources */,
				A58C327C23541598008AE5CE /* 01-SamePart.swift in Sources */,
				A576E7FD229FC71F00D04C93 /* Max Consecutive Ones.swift in Sources */,
				A5D42762234F2384003B5549 /* 10-MaxLength.swift in Sources */,
				A5D9E64F22A696B300C6C9AE /* Binary Search Tree.swift in Sources */,
				A5C9A06422F0804B005443D4 /* Digraph.swift in Sources */,
				A5D4276A2350516E003B5549 /* 14-PartMin.swift in Sources */,
				A576E7CA229FA83D00D04C93 /* AppDelegate.swift in Sources */,
				A58C327E23541979008AE5CE /* 02-RemoveNode.swift in Sources */,
				A5C9DCAE2351B71E002188EA /* 03-StackSort.swift in Sources */,
				A5C9A07622F1D613005443D4 /* EdgeWeightDigraph.swift in Sources */,
				A5C9DCB02351BC35002188EA /* 04-WindowMaxValue.swift in Sources */,
				A5C9A05222E09B39005443D4 /* Find the Duplicate Number.swift in Sources */,
				A5C9A05022E09B39005443D4 /* Search Insert Position.swift in Sources */,
				A5C9A05C22E9DFBC005443D4 /* LinearProbingHashST.swift in Sources */,
				A5BF3B5F2314169800D2BDC5 /* Climbing Stairs.swift in Sources */,
				A50C7F2722A65C88007FE443 /* Remove Element.swift in Sources */,
				A5C609C122A7BF94002708DF /* 4Sum.swift in Sources */,
				A5087C5B22D034C900C00C6D /* Remove Duplicates from Sorted List II.swift in Sources */,
				A5BF3B7223142A1000D2BDC5 /* Combination Sum.swift in Sources */,
				A58C32842354570C008AE5CE /* 05-AddSum.swift in Sources */,
				A576E7F9229FB2C800D04C93 /* TwoSum.swift in Sources */,
				A5C9A04F22E09B39005443D4 /* Sqrt.swift in Sources */,
				A53A818A22A11DF00061BE20 /* Number of Boomerangs.swift in Sources */,
			);
			runOnlyForDeploymentPostprocessing = 0;
		};
		A576E7D6229FA83F00D04C93 /* Sources */ = {
			isa = PBXSourcesBuildPhase;
			buildActionMask = 2147483647;
			files = (
				A576E7DF229FA83F00D04C93 /* LeetCodeTests.swift in Sources */,
			);
			runOnlyForDeploymentPostprocessing = 0;
		};
		A576E7E1229FA83F00D04C93 /* Sources */ = {
			isa = PBXSourcesBuildPhase;
			buildActionMask = 2147483647;
			files = (
				A576E7EA229FA83F00D04C93 /* LeetCodeUITests.swift in Sources */,
			);
			runOnlyForDeploymentPostprocessing = 0;
		};
/* End PBXSourcesBuildPhase section */

/* Begin PBXTargetDependency section */
		A576E7DC229FA83F00D04C93 /* PBXTargetDependency */ = {
			isa = PBXTargetDependency;
			target = A576E7C5229FA83D00D04C93 /* LeetCode */;
			targetProxy = A576E7DB229FA83F00D04C93 /* PBXContainerItemProxy */;
		};
		A576E7E7229FA83F00D04C93 /* PBXTargetDependency */ = {
			isa = PBXTargetDependency;
			target = A576E7C5229FA83D00D04C93 /* LeetCode */;
			targetProxy = A576E7E6229FA83F00D04C93 /* PBXContainerItemProxy */;
		};
/* End PBXTargetDependency section */

/* Begin PBXVariantGroup section */
		A576E7CD229FA83D00D04C93 /* Main.storyboard */ = {
			isa = PBXVariantGroup;
			children = (
				A576E7CE229FA83D00D04C93 /* Base */,
			);
			name = Main.storyboard;
			sourceTree = "<group>";
		};
		A576E7D2229FA83F00D04C93 /* LaunchScreen.storyboard */ = {
			isa = PBXVariantGroup;
			children = (
				A576E7D3229FA83F00D04C93 /* Base */,
			);
			name = LaunchScreen.storyboard;
			sourceTree = "<group>";
		};
/* End PBXVariantGroup section */

/* Begin XCBuildConfiguration section */
		A576E7EC229FA83F00D04C93 /* Debug */ = {
			isa = XCBuildConfiguration;
			buildSettings = {
				ALWAYS_SEARCH_USER_PATHS = NO;
				CLANG_ANALYZER_NONNULL = YES;
				CLANG_ANALYZER_NUMBER_OBJECT_CONVERSION = YES_AGGRESSIVE;
				CLANG_CXX_LANGUAGE_STANDARD = "gnu++14";
				CLANG_CXX_LIBRARY = "libc++";
				CLANG_ENABLE_MODULES = YES;
				CLANG_ENABLE_OBJC_ARC = YES;
				CLANG_ENABLE_OBJC_WEAK = YES;
				CLANG_WARN_BLOCK_CAPTURE_AUTORELEASING = YES;
				CLANG_WARN_BOOL_CONVERSION = YES;
				CLANG_WARN_COMMA = YES;
				CLANG_WARN_CONSTANT_CONVERSION = YES;
				CLANG_WARN_DEPRECATED_OBJC_IMPLEMENTATIONS = YES;
				CLANG_WARN_DIRECT_OBJC_ISA_USAGE = YES_ERROR;
				CLANG_WARN_DOCUMENTATION_COMMENTS = YES;
				CLANG_WARN_EMPTY_BODY = YES;
				CLANG_WARN_ENUM_CONVERSION = YES;
				CLANG_WARN_INFINITE_RECURSION = YES;
				CLANG_WARN_INT_CONVERSION = YES;
				CLANG_WARN_NON_LITERAL_NULL_CONVERSION = YES;
				CLANG_WARN_OBJC_IMPLICIT_RETAIN_SELF = YES;
				CLANG_WARN_OBJC_LITERAL_CONVERSION = YES;
				CLANG_WARN_OBJC_ROOT_CLASS = YES_ERROR;
				CLANG_WARN_RANGE_LOOP_ANALYSIS = YES;
				CLANG_WARN_STRICT_PROTOTYPES = YES;
				CLANG_WARN_SUSPICIOUS_MOVE = YES;
				CLANG_WARN_UNGUARDED_AVAILABILITY = YES_AGGRESSIVE;
				CLANG_WARN_UNREACHABLE_CODE = YES;
				CLANG_WARN__DUPLICATE_METHOD_MATCH = YES;
				CODE_SIGN_IDENTITY = "iPhone Developer";
				COPY_PHASE_STRIP = NO;
				DEBUG_INFORMATION_FORMAT = dwarf;
				ENABLE_STRICT_OBJC_MSGSEND = YES;
				ENABLE_TESTABILITY = YES;
				GCC_C_LANGUAGE_STANDARD = gnu11;
				GCC_DYNAMIC_NO_PIC = NO;
				GCC_NO_COMMON_BLOCKS = YES;
				GCC_OPTIMIZATION_LEVEL = 0;
				GCC_PREPROCESSOR_DEFINITIONS = (
					"DEBUG=1",
					"$(inherited)",
				);
				GCC_WARN_64_TO_32_BIT_CONVERSION = YES;
				GCC_WARN_ABOUT_RETURN_TYPE = YES_ERROR;
				GCC_WARN_UNDECLARED_SELECTOR = YES;
				GCC_WARN_UNINITIALIZED_AUTOS = YES_AGGRESSIVE;
				GCC_WARN_UNUSED_FUNCTION = YES;
				GCC_WARN_UNUSED_VARIABLE = YES;
				IPHONEOS_DEPLOYMENT_TARGET = 12.1;
				MTL_ENABLE_DEBUG_INFO = INCLUDE_SOURCE;
				MTL_FAST_MATH = YES;
				ONLY_ACTIVE_ARCH = YES;
				SDKROOT = iphoneos;
				SWIFT_ACTIVE_COMPILATION_CONDITIONS = DEBUG;
				SWIFT_OPTIMIZATION_LEVEL = "-Onone";
			};
			name = Debug;
		};
		A576E7ED229FA83F00D04C93 /* Release */ = {
			isa = XCBuildConfiguration;
			buildSettings = {
				ALWAYS_SEARCH_USER_PATHS = NO;
				CLANG_ANALYZER_NONNULL = YES;
				CLANG_ANALYZER_NUMBER_OBJECT_CONVERSION = YES_AGGRESSIVE;
				CLANG_CXX_LANGUAGE_STANDARD = "gnu++14";
				CLANG_CXX_LIBRARY = "libc++";
				CLANG_ENABLE_MODULES = YES;
				CLANG_ENABLE_OBJC_ARC = YES;
				CLANG_ENABLE_OBJC_WEAK = YES;
				CLANG_WARN_BLOCK_CAPTURE_AUTORELEASING = YES;
				CLANG_WARN_BOOL_CONVERSION = YES;
				CLANG_WARN_COMMA = YES;
				CLANG_WARN_CONSTANT_CONVERSION = YES;
				CLANG_WARN_DEPRECATED_OBJC_IMPLEMENTATIONS = YES;
				CLANG_WARN_DIRECT_OBJC_ISA_USAGE = YES_ERROR;
				CLANG_WARN_DOCUMENTATION_COMMENTS = YES;
				CLANG_WARN_EMPTY_BODY = YES;
				CLANG_WARN_ENUM_CONVERSION = YES;
				CLANG_WARN_INFINITE_RECURSION = YES;
				CLANG_WARN_INT_CONVERSION = YES;
				CLANG_WARN_NON_LITERAL_NULL_CONVERSION = YES;
				CLANG_WARN_OBJC_IMPLICIT_RETAIN_SELF = YES;
				CLANG_WARN_OBJC_LITERAL_CONVERSION = YES;
				CLANG_WARN_OBJC_ROOT_CLASS = YES_ERROR;
				CLANG_WARN_RANGE_LOOP_ANALYSIS = YES;
				CLANG_WARN_STRICT_PROTOTYPES = YES;
				CLANG_WARN_SUSPICIOUS_MOVE = YES;
				CLANG_WARN_UNGUARDED_AVAILABILITY = YES_AGGRESSIVE;
				CLANG_WARN_UNREACHABLE_CODE = YES;
				CLANG_WARN__DUPLICATE_METHOD_MATCH = YES;
				CODE_SIGN_IDENTITY = "iPhone Developer";
				COPY_PHASE_STRIP = NO;
				DEBUG_INFORMATION_FORMAT = "dwarf-with-dsym";
				ENABLE_NS_ASSERTIONS = NO;
				ENABLE_STRICT_OBJC_MSGSEND = YES;
				GCC_C_LANGUAGE_STANDARD = gnu11;
				GCC_NO_COMMON_BLOCKS = YES;
				GCC_WARN_64_TO_32_BIT_CONVERSION = YES;
				GCC_WARN_ABOUT_RETURN_TYPE = YES_ERROR;
				GCC_WARN_UNDECLARED_SELECTOR = YES;
				GCC_WARN_UNINITIALIZED_AUTOS = YES_AGGRESSIVE;
				GCC_WARN_UNUSED_FUNCTION = YES;
				GCC_WARN_UNUSED_VARIABLE = YES;
				IPHONEOS_DEPLOYMENT_TARGET = 12.1;
				MTL_ENABLE_DEBUG_INFO = NO;
				MTL_FAST_MATH = YES;
				SDKROOT = iphoneos;
				SWIFT_COMPILATION_MODE = wholemodule;
				SWIFT_OPTIMIZATION_LEVEL = "-O";
				VALIDATE_PRODUCT = YES;
			};
			name = Release;
		};
		A576E7EF229FA83F00D04C93 /* Debug */ = {
			isa = XCBuildConfiguration;
			buildSettings = {
				ASSETCATALOG_COMPILER_APPICON_NAME = AppIcon;
				CODE_SIGN_STYLE = Automatic;
				INFOPLIST_FILE = LeetCode/Info.plist;
				LD_RUNPATH_SEARCH_PATHS = (
					"$(inherited)",
					"@executable_path/Frameworks",
				);
				PRODUCT_BUNDLE_IDENTIFIER = gkoudai.LeetCode;
				PRODUCT_NAME = "$(TARGET_NAME)";
				SWIFT_VERSION = 4.2;
				TARGETED_DEVICE_FAMILY = "1,2";
			};
			name = Debug;
		};
		A576E7F0229FA83F00D04C93 /* Release */ = {
			isa = XCBuildConfiguration;
			buildSettings = {
				ASSETCATALOG_COMPILER_APPICON_NAME = AppIcon;
				CODE_SIGN_STYLE = Automatic;
				INFOPLIST_FILE = LeetCode/Info.plist;
				LD_RUNPATH_SEARCH_PATHS = (
					"$(inherited)",
					"@executable_path/Frameworks",
				);
				PRODUCT_BUNDLE_IDENTIFIER = gkoudai.LeetCode;
				PRODUCT_NAME = "$(TARGET_NAME)";
				SWIFT_VERSION = 4.2;
				TARGETED_DEVICE_FAMILY = "1,2";
			};
			name = Release;
		};
		A576E7F2229FA83F00D04C93 /* Debug */ = {
			isa = XCBuildConfiguration;
			buildSettings = {
				ALWAYS_EMBED_SWIFT_STANDARD_LIBRARIES = YES;
				BUNDLE_LOADER = "$(TEST_HOST)";
				CODE_SIGN_STYLE = Automatic;
				INFOPLIST_FILE = LeetCodeTests/Info.plist;
				LD_RUNPATH_SEARCH_PATHS = (
					"$(inherited)",
					"@executable_path/Frameworks",
					"@loader_path/Frameworks",
				);
				PRODUCT_BUNDLE_IDENTIFIER = gkoudai.LeetCodeTests;
				PRODUCT_NAME = "$(TARGET_NAME)";
				SWIFT_VERSION = 4.2;
				TARGETED_DEVICE_FAMILY = "1,2";
				TEST_HOST = "$(BUILT_PRODUCTS_DIR)/LeetCode.app/LeetCode";
			};
			name = Debug;
		};
		A576E7F3229FA83F00D04C93 /* Release */ = {
			isa = XCBuildConfiguration;
			buildSettings = {
				ALWAYS_EMBED_SWIFT_STANDARD_LIBRARIES = YES;
				BUNDLE_LOADER = "$(TEST_HOST)";
				CODE_SIGN_STYLE = Automatic;
				INFOPLIST_FILE = LeetCodeTests/Info.plist;
				LD_RUNPATH_SEARCH_PATHS = (
					"$(inherited)",
					"@executable_path/Frameworks",
					"@loader_path/Frameworks",
				);
				PRODUCT_BUNDLE_IDENTIFIER = gkoudai.LeetCodeTests;
				PRODUCT_NAME = "$(TARGET_NAME)";
				SWIFT_VERSION = 4.2;
				TARGETED_DEVICE_FAMILY = "1,2";
				TEST_HOST = "$(BUILT_PRODUCTS_DIR)/LeetCode.app/LeetCode";
			};
			name = Release;
		};
		A576E7F5229FA83F00D04C93 /* Debug */ = {
			isa = XCBuildConfiguration;
			buildSettings = {
				ALWAYS_EMBED_SWIFT_STANDARD_LIBRARIES = YES;
				CODE_SIGN_STYLE = Automatic;
				INFOPLIST_FILE = LeetCodeUITests/Info.plist;
				LD_RUNPATH_SEARCH_PATHS = (
					"$(inherited)",
					"@executable_path/Frameworks",
					"@loader_path/Frameworks",
				);
				PRODUCT_BUNDLE_IDENTIFIER = gkoudai.LeetCodeUITests;
				PRODUCT_NAME = "$(TARGET_NAME)";
				SWIFT_VERSION = 4.2;
				TARGETED_DEVICE_FAMILY = "1,2";
				TEST_TARGET_NAME = LeetCode;
			};
			name = Debug;
		};
		A576E7F6229FA83F00D04C93 /* Release */ = {
			isa = XCBuildConfiguration;
			buildSettings = {
				ALWAYS_EMBED_SWIFT_STANDARD_LIBRARIES = YES;
				CODE_SIGN_STYLE = Automatic;
				INFOPLIST_FILE = LeetCodeUITests/Info.plist;
				LD_RUNPATH_SEARCH_PATHS = (
					"$(inherited)",
					"@executable_path/Frameworks",
					"@loader_path/Frameworks",
				);
				PRODUCT_BUNDLE_IDENTIFIER = gkoudai.LeetCodeUITests;
				PRODUCT_NAME = "$(TARGET_NAME)";
				SWIFT_VERSION = 4.2;
				TARGETED_DEVICE_FAMILY = "1,2";
				TEST_TARGET_NAME = LeetCode;
			};
			name = Release;
		};
/* End XCBuildConfiguration section */

/* Begin XCConfigurationList section */
		A576E7C1229FA83D00D04C93 /* Build configuration list for PBXProject "LeetCode" */ = {
			isa = XCConfigurationList;
			buildConfigurations = (
				A576E7EC229FA83F00D04C93 /* Debug */,
				A576E7ED229FA83F00D04C93 /* Release */,
			);
			defaultConfigurationIsVisible = 0;
			defaultConfigurationName = Release;
		};
		A576E7EE229FA83F00D04C93 /* Build configuration list for PBXNativeTarget "LeetCode" */ = {
			isa = XCConfigurationList;
			buildConfigurations = (
				A576E7EF229FA83F00D04C93 /* Debug */,
				A576E7F0229FA83F00D04C93 /* Release */,
			);
			defaultConfigurationIsVisible = 0;
			defaultConfigurationName = Release;
		};
		A576E7F1229FA83F00D04C93 /* Build configuration list for PBXNativeTarget "LeetCodeTests" */ = {
			isa = XCConfigurationList;
			buildConfigurations = (
				A576E7F2229FA83F00D04C93 /* Debug */,
				A576E7F3229FA83F00D04C93 /* Release */,
			);
			defaultConfigurationIsVisible = 0;
			defaultConfigurationName = Release;
		};
		A576E7F4229FA83F00D04C93 /* Build configuration list for PBXNativeTarget "LeetCodeUITests" */ = {
			isa = XCConfigurationList;
			buildConfigurations = (
				A576E7F5229FA83F00D04C93 /* Debug */,
				A576E7F6229FA83F00D04C93 /* Release */,
			);
			defaultConfigurationIsVisible = 0;
			defaultConfigurationName = Release;
		};
/* End XCConfigurationList section */
	};
	rootObject = A576E7BE229FA83D00D04C93 /* Project object */;
}
